PODS:
  - AAPullToRefresh (1.0.2)
  - DateTools (1.4.3)
  - Google-Mobile-Ads-SDK (6.12.2)
  - JFMinimalNotifications (0.0.2)
  - KVNProgress (2.1.6)
  - RKNotificationHub (1.0.2)

DEPENDENCIES:
  - AAPullToRefresh
  - DateTools
  - Google-Mobile-Ads-SDK (~> 6.10)
  - JFMinimalNotifications (~> 0.0.2)
  - KVNProgress
  - RKNotificationHub

SPEC CHECKSUMS:
  AAPullToRefresh: 87c33c4e0527930ba7dcc698edce6c49c9a0b2af
  DateTools: 7c2d233ea2d4bda3a717d0cd5f58da926a5998d0
  Google-Mobile-Ads-SDK: 9761186eb5dc5e1493e71dcce2b525159f763d42
  JFMinimalNotifications: 8d8953b7c64a9def469abbd6ba051b47ff53946e
  KVNProgress: ac45e7ded3510560d1900de8747f49dcbbc92c55
  RKNotificationHub: 0d468c504375f104709e3603f169d1d07c44e3f6

COCOAPODS: 0.35.0
