// !$*UTF8*$!
{
	archiveVersion = 1;
	classes = {
	};
	objectVersion = 46;
	objects = {

/* Begin PBXBuildFile section */
		4A4217EF1A50D83F004B999B /* testZSSLocalFactory.m in Sources */ = {isa = PBXBuildFile; fileRef = 4A4217EE1A50D83F004B999B /* testZSSLocalFactory.m */; };
		4A4217F81A50DCC9004B999B /* testZSSLocalQuerier.m in Sources */ = {isa = PBXBuildFile; fileRef = 4A4217F71A50DCC9004B999B /* testZSSLocalQuerier.m */; };
		4A4218011A50E68A004B999B /* UIView+Borders.m in Sources */ = {isa = PBXBuildFile; fileRef = 4A4218001A50E68A004B999B /* UIView+Borders.m */; };
		4A4218091A50EDD3004B999B /* UIColor+ShakdColors.m in Sources */ = {isa = PBXBuildFile; fileRef = 4A4218081A50EDD3004B999B /* UIColor+ShakdColors.m */; };
		4A45C2261A5F4CE200080F1B /* ZSSFriendRequestsTableViewController.m in Sources */ = {isa = PBXBuildFile; fileRef = 4A45C2251A5F4CE200080F1B /* ZSSFriendRequestsTableViewController.m */; };
		4A45C22A1A5F4CEE00080F1B /* ZSSFriendCell.m in Sources */ = {isa = PBXBuildFile; fileRef = 4A45C2281A5F4CEE00080F1B /* ZSSFriendCell.m */; };
		4A45C22B1A5F4CEE00080F1B /* ZSSFriendCell.xib in Resources */ = {isa = PBXBuildFile; fileRef = 4A45C2291A5F4CEE00080F1B /* ZSSFriendCell.xib */; };
		4A45C2361A5F4D1800080F1B /* UIBarButtonItem+MyBarButtons.m in Sources */ = {isa = PBXBuildFile; fileRef = 4A45C2351A5F4D1800080F1B /* UIBarButtonItem+MyBarButtons.m */; };
		4A45C2421A5F5D6400080F1B /* meeting-30.png in Resources */ = {isa = PBXBuildFile; fileRef = 4A45C23F1A5F5D6400080F1B /* meeting-30.png */; };
		4A45C2431A5F5D6400080F1B /* meeting-60.png in Resources */ = {isa = PBXBuildFile; fileRef = 4A45C2401A5F5D6400080F1B /* meeting-60.png */; };
		4A45C2441A5F5D6400080F1B /* meeting-90.png in Resources */ = {isa = PBXBuildFile; fileRef = 4A45C2411A5F5D6400080F1B /* meeting-90.png */; };
		4A45C24E1A5F629400080F1B /* approve-30.png in Resources */ = {isa = PBXBuildFile; fileRef = 4A45C2451A5F629400080F1B /* approve-30.png */; };
		4A45C24F1A5F629400080F1B /* approve-60.png in Resources */ = {isa = PBXBuildFile; fileRef = 4A45C2461A5F629400080F1B /* approve-60.png */; };
		4A45C2501A5F629400080F1B /* approve-90.png in Resources */ = {isa = PBXBuildFile; fileRef = 4A45C2471A5F629400080F1B /* approve-90.png */; };
		4A45C2511A5F629400080F1B /* good_decision-30.png in Resources */ = {isa = PBXBuildFile; fileRef = 4A45C2481A5F629400080F1B /* good_decision-30.png */; };
		4A45C2521A5F629400080F1B /* good_decision-60.png in Resources */ = {isa = PBXBuildFile; fileRef = 4A45C2491A5F629400080F1B /* good_decision-60.png */; };
		4A45C2531A5F629400080F1B /* good_decision-90.png in Resources */ = {isa = PBXBuildFile; fileRef = 4A45C24A1A5F629400080F1B /* good_decision-90.png */; };
		4A45C2541A5F629400080F1B /* neutral_decision-30.png in Resources */ = {isa = PBXBuildFile; fileRef = 4A45C24B1A5F629400080F1B /* neutral_decision-30.png */; };
		4A45C2551A5F629400080F1B /* neutral_decision-60.png in Resources */ = {isa = PBXBuildFile; fileRef = 4A45C24C1A5F629400080F1B /* neutral_decision-60.png */; };
		4A45C2561A5F629400080F1B /* neutral_decision-90.png in Resources */ = {isa = PBXBuildFile; fileRef = 4A45C24D1A5F629400080F1B /* neutral_decision-90.png */; };
		4A45C25F1A5F757E00080F1B /* ZSSFriendRequestCell.m in Sources */ = {isa = PBXBuildFile; fileRef = 4A45C25D1A5F757E00080F1B /* ZSSFriendRequestCell.m */; };
		4A45C2601A5F757E00080F1B /* ZSSFriendRequestCell.xib in Resources */ = {isa = PBXBuildFile; fileRef = 4A45C25E1A5F757E00080F1B /* ZSSFriendRequestCell.xib */; };
		4A45C2641A5F759000080F1B /* ZSSAddFriendViewController.m in Sources */ = {isa = PBXBuildFile; fileRef = 4A45C2621A5F759000080F1B /* ZSSAddFriendViewController.m */; };
		4A45C2651A5F759000080F1B /* ZSSAddFriendViewController.xib in Resources */ = {isa = PBXBuildFile; fileRef = 4A45C2631A5F759000080F1B /* ZSSAddFriendViewController.xib */; };
		4A45C2681A5F75A000080F1B /* RKDropdownAlert+CommonAlerts.m in Sources */ = {isa = PBXBuildFile; fileRef = 4A45C2671A5F75A000080F1B /* RKDropdownAlert+CommonAlerts.m */; };
		4A6380D51A59C61F00D56AA4 /* RKDropdownAlert.m in Sources */ = {isa = PBXBuildFile; fileRef = 4A6380D41A59C61F00D56AA4 /* RKDropdownAlert.m */; };
		4A6380D61A59C61F00D56AA4 /* RKDropdownAlert.m in Sources */ = {isa = PBXBuildFile; fileRef = 4A6380D41A59C61F00D56AA4 /* RKDropdownAlert.m */; };
		4A6380D91A59CCED00D56AA4 /* NSString+Extras.m in Sources */ = {isa = PBXBuildFile; fileRef = 4A6380D81A59CCED00D56AA4 /* NSString+Extras.m */; };
		4A6380DA1A59CCED00D56AA4 /* NSString+Extras.m in Sources */ = {isa = PBXBuildFile; fileRef = 4A6380D81A59CCED00D56AA4 /* NSString+Extras.m */; };
		4A7E803E1A54C3210032D202 /* ZSSLocalSyncer.m in Sources */ = {isa = PBXBuildFile; fileRef = 4A7E803D1A54C3210032D202 /* ZSSLocalSyncer.m */; };
		4A823B621A5DF7BC00FDD58D /* group-30.png in Resources */ = {isa = PBXBuildFile; fileRef = 4A823B5F1A5DF7BC00FDD58D /* group-30.png */; };
		4A823B631A5DF7BC00FDD58D /* group-60.png in Resources */ = {isa = PBXBuildFile; fileRef = 4A823B601A5DF7BC00FDD58D /* group-60.png */; };
		4A823B641A5DF7BC00FDD58D /* group-90.png in Resources */ = {isa = PBXBuildFile; fileRef = 4A823B611A5DF7BC00FDD58D /* group-90.png */; };
		4A823B691A5E36E600FDD58D /* left-30.png in Resources */ = {isa = PBXBuildFile; fileRef = 4A823B661A5E36E600FDD58D /* left-30.png */; };
		4A823B6A1A5E36E600FDD58D /* left-60.png in Resources */ = {isa = PBXBuildFile; fileRef = 4A823B671A5E36E600FDD58D /* left-60.png */; };
		4A823B6B1A5E36E600FDD58D /* left-90.png in Resources */ = {isa = PBXBuildFile; fileRef = 4A823B681A5E36E600FDD58D /* left-90.png */; };
		4AA71FDD1A5C520C000A8B8E /* ZSSForgotPasswordViewController.m in Sources */ = {isa = PBXBuildFile; fileRef = 4AA71FDB1A5C520C000A8B8E /* ZSSForgotPasswordViewController.m */; };
		4AA71FDE1A5C520C000A8B8E /* ZSSForgotPasswordViewController.xib in Resources */ = {isa = PBXBuildFile; fileRef = 4AA71FDC1A5C520C000A8B8E /* ZSSForgotPasswordViewController.xib */; };
		4AA71FE71A5C5E9B000A8B8E /* ZSSSignUpViewController.m in Sources */ = {isa = PBXBuildFile; fileRef = 4AA71FE51A5C5E9B000A8B8E /* ZSSSignUpViewController.m */; };
		4AA71FE81A5C5E9B000A8B8E /* ZSSSignUpViewController.m in Sources */ = {isa = PBXBuildFile; fileRef = 4AA71FE51A5C5E9B000A8B8E /* ZSSSignUpViewController.m */; };
		4AA71FE91A5C5E9B000A8B8E /* ZSSSignUpViewController.xib in Resources */ = {isa = PBXBuildFile; fileRef = 4AA71FE61A5C5E9B000A8B8E /* ZSSSignUpViewController.xib */; };
		4AA71FEA1A5C5E9B000A8B8E /* ZSSSignUpViewController.xib in Resources */ = {isa = PBXBuildFile; fileRef = 4AA71FE61A5C5E9B000A8B8E /* ZSSSignUpViewController.xib */; };
		4AA71FEE1A5C5EAB000A8B8E /* ZSSLoginViewController.m in Sources */ = {isa = PBXBuildFile; fileRef = 4AA71FEC1A5C5EAB000A8B8E /* ZSSLoginViewController.m */; };
		4AA71FEF1A5C5EAB000A8B8E /* ZSSLoginViewController.m in Sources */ = {isa = PBXBuildFile; fileRef = 4AA71FEC1A5C5EAB000A8B8E /* ZSSLoginViewController.m */; };
		4AA71FF01A5C5EAB000A8B8E /* ZSSLoginViewController.xib in Resources */ = {isa = PBXBuildFile; fileRef = 4AA71FED1A5C5EAB000A8B8E /* ZSSLoginViewController.xib */; };
		4AA71FF11A5C5EAB000A8B8E /* ZSSLoginViewController.xib in Resources */ = {isa = PBXBuildFile; fileRef = 4AA71FED1A5C5EAB000A8B8E /* ZSSLoginViewController.xib */; };
		4AA71FF51A5C5ECA000A8B8E /* ZSSWelcomeViewController.m in Sources */ = {isa = PBXBuildFile; fileRef = 4AA71FF31A5C5ECA000A8B8E /* ZSSWelcomeViewController.m */; };
		4AA71FF61A5C5ECA000A8B8E /* ZSSWelcomeViewController.m in Sources */ = {isa = PBXBuildFile; fileRef = 4AA71FF31A5C5ECA000A8B8E /* ZSSWelcomeViewController.m */; };
		4AA71FF71A5C5ECA000A8B8E /* ZSSWelcomeViewController.xib in Resources */ = {isa = PBXBuildFile; fileRef = 4AA71FF41A5C5ECA000A8B8E /* ZSSWelcomeViewController.xib */; };
		4AA71FF81A5C5ECA000A8B8E /* ZSSWelcomeViewController.xib in Resources */ = {isa = PBXBuildFile; fileRef = 4AA71FF41A5C5ECA000A8B8E /* ZSSWelcomeViewController.xib */; };
		4AA71FFC1A5C5EDD000A8B8E /* ZSSHomeViewController.m in Sources */ = {isa = PBXBuildFile; fileRef = 4AA71FFA1A5C5EDD000A8B8E /* ZSSHomeViewController.m */; };
		4AA71FFD1A5C5EDD000A8B8E /* ZSSHomeViewController.m in Sources */ = {isa = PBXBuildFile; fileRef = 4AA71FFA1A5C5EDD000A8B8E /* ZSSHomeViewController.m */; };
		4AA71FFE1A5C5EDD000A8B8E /* ZSSHomeViewController.xib in Resources */ = {isa = PBXBuildFile; fileRef = 4AA71FFB1A5C5EDD000A8B8E /* ZSSHomeViewController.xib */; };
		4AA71FFF1A5C5EDD000A8B8E /* ZSSHomeViewController.xib in Resources */ = {isa = PBXBuildFile; fileRef = 4AA71FFB1A5C5EDD000A8B8E /* ZSSHomeViewController.xib */; };
		4AA720031A5C5EF7000A8B8E /* ZSSCloudQuerier.m in Sources */ = {isa = PBXBuildFile; fileRef = 4AA720021A5C5EF7000A8B8E /* ZSSCloudQuerier.m */; };
		4AA720041A5C5EF7000A8B8E /* ZSSCloudQuerier.m in Sources */ = {isa = PBXBuildFile; fileRef = 4AA720021A5C5EF7000A8B8E /* ZSSCloudQuerier.m */; };
		4AA7200B1A5C5FD7000A8B8E /* ZSSLocalQuerier.m in Sources */ = {isa = PBXBuildFile; fileRef = 4AA7200A1A5C5FD7000A8B8E /* ZSSLocalQuerier.m */; };
		4AA7200C1A5C5FD7000A8B8E /* ZSSLocalQuerier.m in Sources */ = {isa = PBXBuildFile; fileRef = 4AA7200A1A5C5FD7000A8B8E /* ZSSLocalQuerier.m */; };
		4AA720201A5C8819000A8B8E /* AbstractActionSheetPicker.m in Sources */ = {isa = PBXBuildFile; fileRef = 4AA7200F1A5C8819000A8B8E /* AbstractActionSheetPicker.m */; };
		4AA720211A5C8819000A8B8E /* ActionSheetCustomPicker.m in Sources */ = {isa = PBXBuildFile; fileRef = 4AA720111A5C8819000A8B8E /* ActionSheetCustomPicker.m */; };
		4AA720221A5C8819000A8B8E /* ActionSheetDatePicker.m in Sources */ = {isa = PBXBuildFile; fileRef = 4AA720141A5C8819000A8B8E /* ActionSheetDatePicker.m */; };
		4AA720231A5C8819000A8B8E /* ActionSheetDistancePicker.m in Sources */ = {isa = PBXBuildFile; fileRef = 4AA720161A5C8819000A8B8E /* ActionSheetDistancePicker.m */; };
		4AA720241A5C8819000A8B8E /* ActionSheetLocalePicker.m in Sources */ = {isa = PBXBuildFile; fileRef = 4AA720181A5C8819000A8B8E /* ActionSheetLocalePicker.m */; };
		4AA720251A5C8819000A8B8E /* ActionSheetStringPicker.m in Sources */ = {isa = PBXBuildFile; fileRef = 4AA7201B1A5C8819000A8B8E /* ActionSheetStringPicker.m */; };
		4AA720261A5C8819000A8B8E /* DistancePickerView.m in Sources */ = {isa = PBXBuildFile; fileRef = 4AA7201D1A5C8819000A8B8E /* DistancePickerView.m */; };
		4AA720271A5C8819000A8B8E /* SWActionSheet.m in Sources */ = {isa = PBXBuildFile; fileRef = 4AA7201F1A5C8819000A8B8E /* SWActionSheet.m */; };
		4AA7202E1A5CA537000A8B8E /* ZSSFriendsTableViewController.m in Sources */ = {isa = PBXBuildFile; fileRef = 4AA7202D1A5CA537000A8B8E /* ZSSFriendsTableViewController.m */; };
		4ACF3E1E1A5246D80030C07E /* testZSSCloudQuerier.m in Sources */ = {isa = PBXBuildFile; fileRef = 4ACF3E1D1A5246D80030C07E /* testZSSCloudQuerier.m */; };
		4ACF3E1F1A5248D30030C07E /* Social.framework in Frameworks */ = {isa = PBXBuildFile; fileRef = 4AFCD1811A4FC85200543CE1 /* Social.framework */; };
		4ACF3E201A5248DB0030C07E /* Accounts.framework in Frameworks */ = {isa = PBXBuildFile; fileRef = 4AFCD1831A4FC86300543CE1 /* Accounts.framework */; };
		4ACF3E211A5248E50030C07E /* MessageUI.framework in Frameworks */ = {isa = PBXBuildFile; fileRef = 4AFCD1561A4FC4CB00543CE1 /* MessageUI.framework */; };
		4ACF3E221A5248EE0030C07E /* Foundation.framework in Frameworks */ = {isa = PBXBuildFile; fileRef = 4AFCD1551A4FC4CB00543CE1 /* Foundation.framework */; };
		4ACF3E241A52490D0030C07E /* EventKitUI.framework in Frameworks */ = {isa = PBXBuildFile; fileRef = 4AFCD1541A4FC4CB00543CE1 /* EventKitUI.framework */; };
		4ACF3E251A5249220030C07E /* FacebookSDK.framework in Frameworks */ = {isa = PBXBuildFile; fileRef = 4AFCD1871A4FC94B00543CE1 /* FacebookSDK.framework */; };
		4ACF3E261A5249220030C07E /* ParseFacebookUtils.framework in Frameworks */ = {isa = PBXBuildFile; fileRef = 4AFCD1681A4FC5CC00543CE1 /* ParseFacebookUtils.framework */; };
		4ACF3E271A5249370030C07E /* Parse.framework in Frameworks */ = {isa = PBXBuildFile; fileRef = 4AFCD1661A4FC5CC00543CE1 /* Parse.framework */; };
		4ACF3E281A5249460030C07E /* EventKit.framework in Frameworks */ = {isa = PBXBuildFile; fileRef = 4AFCD1531A4FC4CB00543CE1 /* EventKit.framework */; };
		4ACF3E291A5249520030C07E /* ParseUI.framework in Frameworks */ = {isa = PBXBuildFile; fileRef = 4AFCD1691A4FC5CC00543CE1 /* ParseUI.framework */; };
		4ACF3E2A1A5249690030C07E /* ParseCrashReporting.framework in Frameworks */ = {isa = PBXBuildFile; fileRef = 4AFCD1671A4FC5CC00543CE1 /* ParseCrashReporting.framework */; };
		4ACF3E2B1A5249820030C07E /* FBAudienceNetwork.framework in Frameworks */ = {isa = PBXBuildFile; fileRef = 4AFCD17F1A4FC7A800543CE1 /* FBAudienceNetwork.framework */; };
		4ACF3E2C1A5249A90030C07E /* CoreTelephony.framework in Frameworks */ = {isa = PBXBuildFile; fileRef = 4AFCD1521A4FC4CB00543CE1 /* CoreTelephony.framework */; };
		4ACF3E2D1A5249B40030C07E /* AVFoundation.framework in Frameworks */ = {isa = PBXBuildFile; fileRef = 4AFCD1501A4FC4CB00543CE1 /* AVFoundation.framework */; };
		4ACF3E2E1A5249C20030C07E /* AudioToolbox.framework in Frameworks */ = {isa = PBXBuildFile; fileRef = 4AFCD14F1A4FC4CB00543CE1 /* AudioToolbox.framework */; };
		4ACF3E2F1A5249C20030C07E /* CFNetwork.framework in Frameworks */ = {isa = PBXBuildFile; fileRef = 4AFCD16F1A4FC60000543CE1 /* CFNetwork.framework */; };
		4ACF3E301A5249D60030C07E /* StoreKit.framework in Frameworks */ = {isa = PBXBuildFile; fileRef = 4AFCD1571A4FC4CB00543CE1 /* StoreKit.framework */; };
		4ACF3E311A5249D60030C07E /* SystemConfiguration.framework in Frameworks */ = {isa = PBXBuildFile; fileRef = 4AFCD1581A4FC4CB00543CE1 /* SystemConfiguration.framework */; };
		4ACF3E321A5249E80030C07E /* CoreGraphics.framework in Frameworks */ = {isa = PBXBuildFile; fileRef = 4AFCD1511A4FC4CB00543CE1 /* CoreGraphics.framework */; };
		4ACF3E331A5249E80030C07E /* Security.framework in Frameworks */ = {isa = PBXBuildFile; fileRef = 4AFCD1761A4FC65C00543CE1 /* Security.framework */; };
		4ACF3E341A5249F70030C07E /* QuartzCore.framework in Frameworks */ = {isa = PBXBuildFile; fileRef = 4AFCD1751A4FC65C00543CE1 /* QuartzCore.framework */; };
		4ACF3E351A5249FD0030C07E /* MobileCoreServices.framework in Frameworks */ = {isa = PBXBuildFile; fileRef = 4AFCD1741A4FC65C00543CE1 /* MobileCoreServices.framework */; };
		4ACF3E361A524A0C0030C07E /* libz.dylib in Frameworks */ = {isa = PBXBuildFile; fileRef = 4AFCD1731A4FC65C00543CE1 /* libz.dylib */; };
		4ACF3E371A524A230030C07E /* libsqlite3.dylib in Frameworks */ = {isa = PBXBuildFile; fileRef = 4AFCD1721A4FC65C00543CE1 /* libsqlite3.dylib */; };
		4ACF3E381A524A2D0030C07E /* CoreLocation.framework in Frameworks */ = {isa = PBXBuildFile; fileRef = 4AFCD1711A4FC65C00543CE1 /* CoreLocation.framework */; };
		4ACF3E391A524A3F0030C07E /* libstdc++.6.dylib in Frameworks */ = {isa = PBXBuildFile; fileRef = 4AFCD1851A4FC8F900543CE1 /* libstdc++.6.dylib */; };
		4AFCD12C1A4FC2E400543CE1 /* main.m in Sources */ = {isa = PBXBuildFile; fileRef = 4AFCD12B1A4FC2E400543CE1 /* main.m */; };
		4AFCD12F1A4FC2E400543CE1 /* AppDelegate.m in Sources */ = {isa = PBXBuildFile; fileRef = 4AFCD12E1A4FC2E400543CE1 /* AppDelegate.m */; };
		4AFCD1321A4FC2E400543CE1 /* ViewController.m in Sources */ = {isa = PBXBuildFile; fileRef = 4AFCD1311A4FC2E400543CE1 /* ViewController.m */; };
		4AFCD1371A4FC2E400543CE1 /* Images.xcassets in Resources */ = {isa = PBXBuildFile; fileRef = 4AFCD1361A4FC2E400543CE1 /* Images.xcassets */; };
		4AFCD13A1A4FC2E400543CE1 /* LaunchScreen.xib in Resources */ = {isa = PBXBuildFile; fileRef = 4AFCD1381A4FC2E400543CE1 /* LaunchScreen.xib */; };
		4AFCD1461A4FC2E400543CE1 /* ShakdTests.m in Sources */ = {isa = PBXBuildFile; fileRef = 4AFCD1451A4FC2E400543CE1 /* ShakdTests.m */; };
		4AFCD1591A4FC4CB00543CE1 /* AudioToolbox.framework in Frameworks */ = {isa = PBXBuildFile; fileRef = 4AFCD14F1A4FC4CB00543CE1 /* AudioToolbox.framework */; };
		4AFCD15A1A4FC4CB00543CE1 /* AVFoundation.framework in Frameworks */ = {isa = PBXBuildFile; fileRef = 4AFCD1501A4FC4CB00543CE1 /* AVFoundation.framework */; };
		4AFCD15B1A4FC4CB00543CE1 /* CoreGraphics.framework in Frameworks */ = {isa = PBXBuildFile; fileRef = 4AFCD1511A4FC4CB00543CE1 /* CoreGraphics.framework */; };
		4AFCD15C1A4FC4CB00543CE1 /* CoreTelephony.framework in Frameworks */ = {isa = PBXBuildFile; fileRef = 4AFCD1521A4FC4CB00543CE1 /* CoreTelephony.framework */; };
		4AFCD15D1A4FC4CB00543CE1 /* EventKit.framework in Frameworks */ = {isa = PBXBuildFile; fileRef = 4AFCD1531A4FC4CB00543CE1 /* EventKit.framework */; };
		4AFCD15E1A4FC4CB00543CE1 /* EventKitUI.framework in Frameworks */ = {isa = PBXBuildFile; fileRef = 4AFCD1541A4FC4CB00543CE1 /* EventKitUI.framework */; };
		4AFCD15F1A4FC4CB00543CE1 /* Foundation.framework in Frameworks */ = {isa = PBXBuildFile; fileRef = 4AFCD1551A4FC4CB00543CE1 /* Foundation.framework */; };
		4AFCD1601A4FC4CB00543CE1 /* MessageUI.framework in Frameworks */ = {isa = PBXBuildFile; fileRef = 4AFCD1561A4FC4CB00543CE1 /* MessageUI.framework */; };
		4AFCD1611A4FC4CB00543CE1 /* StoreKit.framework in Frameworks */ = {isa = PBXBuildFile; fileRef = 4AFCD1571A4FC4CB00543CE1 /* StoreKit.framework */; };
		4AFCD1621A4FC4CB00543CE1 /* SystemConfiguration.framework in Frameworks */ = {isa = PBXBuildFile; fileRef = 4AFCD1581A4FC4CB00543CE1 /* SystemConfiguration.framework */; };
		4AFCD16B1A4FC5CC00543CE1 /* Parse.framework in Frameworks */ = {isa = PBXBuildFile; fileRef = 4AFCD1661A4FC5CC00543CE1 /* Parse.framework */; };
		4AFCD16C1A4FC5CC00543CE1 /* ParseCrashReporting.framework in Frameworks */ = {isa = PBXBuildFile; fileRef = 4AFCD1671A4FC5CC00543CE1 /* ParseCrashReporting.framework */; };
		4AFCD16D1A4FC5CC00543CE1 /* ParseFacebookUtils.framework in Frameworks */ = {isa = PBXBuildFile; fileRef = 4AFCD1681A4FC5CC00543CE1 /* ParseFacebookUtils.framework */; };
		4AFCD16E1A4FC5CC00543CE1 /* ParseUI.framework in Frameworks */ = {isa = PBXBuildFile; fileRef = 4AFCD1691A4FC5CC00543CE1 /* ParseUI.framework */; };
		4AFCD1701A4FC60000543CE1 /* CFNetwork.framework in Frameworks */ = {isa = PBXBuildFile; fileRef = 4AFCD16F1A4FC60000543CE1 /* CFNetwork.framework */; };
		4AFCD1771A4FC65C00543CE1 /* CoreLocation.framework in Frameworks */ = {isa = PBXBuildFile; fileRef = 4AFCD1711A4FC65C00543CE1 /* CoreLocation.framework */; };
		4AFCD1781A4FC65C00543CE1 /* libsqlite3.dylib in Frameworks */ = {isa = PBXBuildFile; fileRef = 4AFCD1721A4FC65C00543CE1 /* libsqlite3.dylib */; };
		4AFCD1791A4FC65C00543CE1 /* libz.dylib in Frameworks */ = {isa = PBXBuildFile; fileRef = 4AFCD1731A4FC65C00543CE1 /* libz.dylib */; };
		4AFCD17A1A4FC65C00543CE1 /* MobileCoreServices.framework in Frameworks */ = {isa = PBXBuildFile; fileRef = 4AFCD1741A4FC65C00543CE1 /* MobileCoreServices.framework */; };
		4AFCD17B1A4FC65C00543CE1 /* QuartzCore.framework in Frameworks */ = {isa = PBXBuildFile; fileRef = 4AFCD1751A4FC65C00543CE1 /* QuartzCore.framework */; };
		4AFCD17C1A4FC65C00543CE1 /* Security.framework in Frameworks */ = {isa = PBXBuildFile; fileRef = 4AFCD1761A4FC65C00543CE1 /* Security.framework */; };
		4AFCD1801A4FC7A800543CE1 /* FBAudienceNetwork.framework in Frameworks */ = {isa = PBXBuildFile; fileRef = 4AFCD17F1A4FC7A800543CE1 /* FBAudienceNetwork.framework */; };
		4AFCD1881A4FC94B00543CE1 /* FacebookSDK.framework in Frameworks */ = {isa = PBXBuildFile; fileRef = 4AFCD1871A4FC94B00543CE1 /* FacebookSDK.framework */; };
		4AFCD18A1A4FC9A200543CE1 /* libstdc++.6.dylib in Frameworks */ = {isa = PBXBuildFile; fileRef = 4AFCD1851A4FC8F900543CE1 /* libstdc++.6.dylib */; };
		4AFCD18B1A4FC9B000543CE1 /* Accounts.framework in Frameworks */ = {isa = PBXBuildFile; fileRef = 4AFCD1831A4FC86300543CE1 /* Accounts.framework */; };
		4AFCD18C1A4FC9B900543CE1 /* Social.framework in Frameworks */ = {isa = PBXBuildFile; fileRef = 4AFCD1811A4FC85200543CE1 /* Social.framework */; };
		4AFCD18F1A50641F00543CE1 /* ShakdModel.xcdatamodeld in Sources */ = {isa = PBXBuildFile; fileRef = 4AFCD18D1A50641F00543CE1 /* ShakdModel.xcdatamodeld */; };
		4AFCD19F1A50695D00543CE1 /* ZSSMessage.m in Sources */ = {isa = PBXBuildFile; fileRef = 4AFCD19A1A50695D00543CE1 /* ZSSMessage.m */; };
		4AFCD1A01A50695D00543CE1 /* ZSSFriendRequest.m in Sources */ = {isa = PBXBuildFile; fileRef = 4AFCD19C1A50695D00543CE1 /* ZSSFriendRequest.m */; };
		4AFCD1A11A50695D00543CE1 /* ZSSUser.m in Sources */ = {isa = PBXBuildFile; fileRef = 4AFCD19E1A50695D00543CE1 /* ZSSUser.m */; };
		4AFCD1A41A506A0000543CE1 /* ZSSDictionaryTransformer.m in Sources */ = {isa = PBXBuildFile; fileRef = 4AFCD1A31A506A0000543CE1 /* ZSSDictionaryTransformer.m */; };
		4AFCD1AB1A506B0300543CE1 /* ZSSLocalStore.m in Sources */ = {isa = PBXBuildFile; fileRef = 4AFCD1AA1A506B0300543CE1 /* ZSSLocalStore.m */; };
		4AFCD1AE1A506B1A00543CE1 /* ZSSLocalFactory.m in Sources */ = {isa = PBXBuildFile; fileRef = 4AFCD1AD1A506B1A00543CE1 /* ZSSLocalFactory.m */; };
		4AFCD1B11A50B8F800543CE1 /* testZSSLocalStore.m in Sources */ = {isa = PBXBuildFile; fileRef = 4AFCD1B01A50B8F800543CE1 /* testZSSLocalStore.m */; };
		D5AD8918482759B29590AFB6 /* libPods-Shakd.a in Frameworks */ = {isa = PBXBuildFile; fileRef = 6188D974F392498F33B02473 /* libPods-Shakd.a */; };
/* End PBXBuildFile section */

/* Begin PBXContainerItemProxy section */
		4AFCD1401A4FC2E400543CE1 /* PBXContainerItemProxy */ = {
			isa = PBXContainerItemProxy;
			containerPortal = 4AFCD11E1A4FC2E400543CE1 /* Project object */;
			proxyType = 1;
			remoteGlobalIDString = 4AFCD1251A4FC2E400543CE1;
			remoteInfo = Shakd;
		};
/* End PBXContainerItemProxy section */

/* Begin PBXFileReference section */
		4A4217ED1A50D83F004B999B /* testZSSLocalFactory.h */ = {isa = PBXFileReference; fileEncoding = 4; lastKnownFileType = sourcecode.c.h; path = testZSSLocalFactory.h; sourceTree = "<group>"; };
		4A4217EE1A50D83F004B999B /* testZSSLocalFactory.m */ = {isa = PBXFileReference; fileEncoding = 4; lastKnownFileType = sourcecode.c.objc; path = testZSSLocalFactory.m; sourceTree = "<group>"; };
		4A4217F61A50DCC9004B999B /* testZSSLocalQuerier.h */ = {isa = PBXFileReference; fileEncoding = 4; lastKnownFileType = sourcecode.c.h; path = testZSSLocalQuerier.h; sourceTree = "<group>"; };
		4A4217F71A50DCC9004B999B /* testZSSLocalQuerier.m */ = {isa = PBXFileReference; fileEncoding = 4; lastKnownFileType = sourcecode.c.objc; path = testZSSLocalQuerier.m; sourceTree = "<group>"; };
		4A4217FF1A50E68A004B999B /* UIView+Borders.h */ = {isa = PBXFileReference; fileEncoding = 4; lastKnownFileType = sourcecode.c.h; name = "UIView+Borders.h"; path = "Shakd/UIView+Borders.h"; sourceTree = SOURCE_ROOT; };
		4A4218001A50E68A004B999B /* UIView+Borders.m */ = {isa = PBXFileReference; fileEncoding = 4; lastKnownFileType = sourcecode.c.objc; name = "UIView+Borders.m"; path = "Shakd/UIView+Borders.m"; sourceTree = SOURCE_ROOT; };
		4A4218071A50EDD3004B999B /* UIColor+ShakdColors.h */ = {isa = PBXFileReference; fileEncoding = 4; lastKnownFileType = sourcecode.c.h; path = "UIColor+ShakdColors.h"; sourceTree = "<group>"; };
		4A4218081A50EDD3004B999B /* UIColor+ShakdColors.m */ = {isa = PBXFileReference; fileEncoding = 4; lastKnownFileType = sourcecode.c.objc; path = "UIColor+ShakdColors.m"; sourceTree = "<group>"; };
		4A45C2241A5F4CE200080F1B /* ZSSFriendRequestsTableViewController.h */ = {isa = PBXFileReference; fileEncoding = 4; lastKnownFileType = sourcecode.c.h; name = ZSSFriendRequestsTableViewController.h; path = Shakd/ZSSFriendRequestsTableViewController.h; sourceTree = "<group>"; };
		4A45C2251A5F4CE200080F1B /* ZSSFriendRequestsTableViewController.m */ = {isa = PBXFileReference; fileEncoding = 4; lastKnownFileType = sourcecode.c.objc; name = ZSSFriendRequestsTableViewController.m; path = Shakd/ZSSFriendRequestsTableViewController.m; sourceTree = "<group>"; };
		4A45C2271A5F4CEE00080F1B /* ZSSFriendCell.h */ = {isa = PBXFileReference; fileEncoding = 4; lastKnownFileType = sourcecode.c.h; name = ZSSFriendCell.h; path = Shakd/ZSSFriendCell.h; sourceTree = "<group>"; };
		4A45C2281A5F4CEE00080F1B /* ZSSFriendCell.m */ = {isa = PBXFileReference; fileEncoding = 4; lastKnownFileType = sourcecode.c.objc; name = ZSSFriendCell.m; path = Shakd/ZSSFriendCell.m; sourceTree = "<group>"; };
		4A45C2291A5F4CEE00080F1B /* ZSSFriendCell.xib */ = {isa = PBXFileReference; fileEncoding = 4; lastKnownFileType = file.xib; name = ZSSFriendCell.xib; path = Shakd/ZSSFriendCell.xib; sourceTree = "<group>"; };
		4A45C2341A5F4D1800080F1B /* UIBarButtonItem+MyBarButtons.h */ = {isa = PBXFileReference; fileEncoding = 4; lastKnownFileType = sourcecode.c.h; path = "UIBarButtonItem+MyBarButtons.h"; sourceTree = "<group>"; };
		4A45C2351A5F4D1800080F1B /* UIBarButtonItem+MyBarButtons.m */ = {isa = PBXFileReference; fileEncoding = 4; lastKnownFileType = sourcecode.c.objc; path = "UIBarButtonItem+MyBarButtons.m"; sourceTree = "<group>"; };
		4A45C23F1A5F5D6400080F1B /* meeting-30.png */ = {isa = PBXFileReference; lastKnownFileType = image.png; path = "meeting-30.png"; sourceTree = "<group>"; };
		4A45C2401A5F5D6400080F1B /* meeting-60.png */ = {isa = PBXFileReference; lastKnownFileType = image.png; path = "meeting-60.png"; sourceTree = "<group>"; };
		4A45C2411A5F5D6400080F1B /* meeting-90.png */ = {isa = PBXFileReference; lastKnownFileType = image.png; path = "meeting-90.png"; sourceTree = "<group>"; };
		4A45C2451A5F629400080F1B /* approve-30.png */ = {isa = PBXFileReference; lastKnownFileType = image.png; path = "approve-30.png"; sourceTree = "<group>"; };
		4A45C2461A5F629400080F1B /* approve-60.png */ = {isa = PBXFileReference; lastKnownFileType = image.png; path = "approve-60.png"; sourceTree = "<group>"; };
		4A45C2471A5F629400080F1B /* approve-90.png */ = {isa = PBXFileReference; lastKnownFileType = image.png; path = "approve-90.png"; sourceTree = "<group>"; };
		4A45C2481A5F629400080F1B /* good_decision-30.png */ = {isa = PBXFileReference; lastKnownFileType = image.png; path = "good_decision-30.png"; sourceTree = "<group>"; };
		4A45C2491A5F629400080F1B /* good_decision-60.png */ = {isa = PBXFileReference; lastKnownFileType = image.png; path = "good_decision-60.png"; sourceTree = "<group>"; };
		4A45C24A1A5F629400080F1B /* good_decision-90.png */ = {isa = PBXFileReference; lastKnownFileType = image.png; path = "good_decision-90.png"; sourceTree = "<group>"; };
		4A45C24B1A5F629400080F1B /* neutral_decision-30.png */ = {isa = PBXFileReference; lastKnownFileType = image.png; path = "neutral_decision-30.png"; sourceTree = "<group>"; };
		4A45C24C1A5F629400080F1B /* neutral_decision-60.png */ = {isa = PBXFileReference; lastKnownFileType = image.png; path = "neutral_decision-60.png"; sourceTree = "<group>"; };
		4A45C24D1A5F629400080F1B /* neutral_decision-90.png */ = {isa = PBXFileReference; lastKnownFileType = image.png; path = "neutral_decision-90.png"; sourceTree = "<group>"; };
		4A45C25C1A5F757E00080F1B /* ZSSFriendRequestCell.h */ = {isa = PBXFileReference; fileEncoding = 4; lastKnownFileType = sourcecode.c.h; name = ZSSFriendRequestCell.h; path = Shakd/ZSSFriendRequestCell.h; sourceTree = "<group>"; };
		4A45C25D1A5F757E00080F1B /* ZSSFriendRequestCell.m */ = {isa = PBXFileReference; fileEncoding = 4; lastKnownFileType = sourcecode.c.objc; name = ZSSFriendRequestCell.m; path = Shakd/ZSSFriendRequestCell.m; sourceTree = "<group>"; };
		4A45C25E1A5F757E00080F1B /* ZSSFriendRequestCell.xib */ = {isa = PBXFileReference; fileEncoding = 4; lastKnownFileType = file.xib; name = ZSSFriendRequestCell.xib; path = Shakd/ZSSFriendRequestCell.xib; sourceTree = "<group>"; };
		4A45C2611A5F759000080F1B /* ZSSAddFriendViewController.h */ = {isa = PBXFileReference; fileEncoding = 4; lastKnownFileType = sourcecode.c.h; name = ZSSAddFriendViewController.h; path = Shakd/ZSSAddFriendViewController.h; sourceTree = "<group>"; };
		4A45C2621A5F759000080F1B /* ZSSAddFriendViewController.m */ = {isa = PBXFileReference; fileEncoding = 4; lastKnownFileType = sourcecode.c.objc; name = ZSSAddFriendViewController.m; path = Shakd/ZSSAddFriendViewController.m; sourceTree = "<group>"; };
		4A45C2631A5F759000080F1B /* ZSSAddFriendViewController.xib */ = {isa = PBXFileReference; fileEncoding = 4; lastKnownFileType = file.xib; name = ZSSAddFriendViewController.xib; path = Shakd/ZSSAddFriendViewController.xib; sourceTree = "<group>"; };
		4A45C2661A5F75A000080F1B /* RKDropdownAlert+CommonAlerts.h */ = {isa = PBXFileReference; fileEncoding = 4; lastKnownFileType = sourcecode.c.h; path = "RKDropdownAlert+CommonAlerts.h"; sourceTree = "<group>"; };
		4A45C2671A5F75A000080F1B /* RKDropdownAlert+CommonAlerts.m */ = {isa = PBXFileReference; fileEncoding = 4; lastKnownFileType = sourcecode.c.objc; path = "RKDropdownAlert+CommonAlerts.m"; sourceTree = "<group>"; };
		4A6380D31A59C61F00D56AA4 /* RKDropdownAlert.h */ = {isa = PBXFileReference; fileEncoding = 4; lastKnownFileType = sourcecode.c.h; path = RKDropdownAlert.h; sourceTree = "<group>"; };
		4A6380D41A59C61F00D56AA4 /* RKDropdownAlert.m */ = {isa = PBXFileReference; fileEncoding = 4; lastKnownFileType = sourcecode.c.objc; path = RKDropdownAlert.m; sourceTree = "<group>"; };
		4A6380D71A59CCED00D56AA4 /* NSString+Extras.h */ = {isa = PBXFileReference; fileEncoding = 4; lastKnownFileType = sourcecode.c.h; path = "NSString+Extras.h"; sourceTree = "<group>"; };
		4A6380D81A59CCED00D56AA4 /* NSString+Extras.m */ = {isa = PBXFileReference; fileEncoding = 4; lastKnownFileType = sourcecode.c.objc; path = "NSString+Extras.m"; sourceTree = "<group>"; };
		4A7E803C1A54C3210032D202 /* ZSSLocalSyncer.h */ = {isa = PBXFileReference; fileEncoding = 4; lastKnownFileType = sourcecode.c.h; path = ZSSLocalSyncer.h; sourceTree = "<group>"; };
		4A7E803D1A54C3210032D202 /* ZSSLocalSyncer.m */ = {isa = PBXFileReference; fileEncoding = 4; lastKnownFileType = sourcecode.c.objc; path = ZSSLocalSyncer.m; sourceTree = "<group>"; };
		4A823B5F1A5DF7BC00FDD58D /* group-30.png */ = {isa = PBXFileReference; lastKnownFileType = image.png; path = "group-30.png"; sourceTree = "<group>"; };
		4A823B601A5DF7BC00FDD58D /* group-60.png */ = {isa = PBXFileReference; lastKnownFileType = image.png; path = "group-60.png"; sourceTree = "<group>"; };
		4A823B611A5DF7BC00FDD58D /* group-90.png */ = {isa = PBXFileReference; lastKnownFileType = image.png; path = "group-90.png"; sourceTree = "<group>"; };
		4A823B661A5E36E600FDD58D /* left-30.png */ = {isa = PBXFileReference; lastKnownFileType = image.png; path = "left-30.png"; sourceTree = "<group>"; };
		4A823B671A5E36E600FDD58D /* left-60.png */ = {isa = PBXFileReference; lastKnownFileType = image.png; path = "left-60.png"; sourceTree = "<group>"; };
		4A823B681A5E36E600FDD58D /* left-90.png */ = {isa = PBXFileReference; lastKnownFileType = image.png; path = "left-90.png"; sourceTree = "<group>"; };
		4AA71FDA1A5C520C000A8B8E /* ZSSForgotPasswordViewController.h */ = {isa = PBXFileReference; fileEncoding = 4; lastKnownFileType = sourcecode.c.h; name = ZSSForgotPasswordViewController.h; path = Shakd/ZSSForgotPasswordViewController.h; sourceTree = "<group>"; };
		4AA71FDB1A5C520C000A8B8E /* ZSSForgotPasswordViewController.m */ = {isa = PBXFileReference; fileEncoding = 4; lastKnownFileType = sourcecode.c.objc; name = ZSSForgotPasswordViewController.m; path = Shakd/ZSSForgotPasswordViewController.m; sourceTree = "<group>"; };
		4AA71FDC1A5C520C000A8B8E /* ZSSForgotPasswordViewController.xib */ = {isa = PBXFileReference; fileEncoding = 4; lastKnownFileType = file.xib; name = ZSSForgotPasswordViewController.xib; path = Shakd/ZSSForgotPasswordViewController.xib; sourceTree = "<group>"; };
		4AA71FE41A5C5E9B000A8B8E /* ZSSSignUpViewController.h */ = {isa = PBXFileReference; fileEncoding = 4; lastKnownFileType = sourcecode.c.h; name = ZSSSignUpViewController.h; path = Shakd/ZSSSignUpViewController.h; sourceTree = "<group>"; };
		4AA71FE51A5C5E9B000A8B8E /* ZSSSignUpViewController.m */ = {isa = PBXFileReference; fileEncoding = 4; lastKnownFileType = sourcecode.c.objc; name = ZSSSignUpViewController.m; path = Shakd/ZSSSignUpViewController.m; sourceTree = "<group>"; };
		4AA71FE61A5C5E9B000A8B8E /* ZSSSignUpViewController.xib */ = {isa = PBXFileReference; fileEncoding = 4; lastKnownFileType = file.xib; name = ZSSSignUpViewController.xib; path = Shakd/ZSSSignUpViewController.xib; sourceTree = "<group>"; };
		4AA71FEB1A5C5EAB000A8B8E /* ZSSLoginViewController.h */ = {isa = PBXFileReference; fileEncoding = 4; lastKnownFileType = sourcecode.c.h; name = ZSSLoginViewController.h; path = Shakd/ZSSLoginViewController.h; sourceTree = "<group>"; };
		4AA71FEC1A5C5EAB000A8B8E /* ZSSLoginViewController.m */ = {isa = PBXFileReference; fileEncoding = 4; lastKnownFileType = sourcecode.c.objc; name = ZSSLoginViewController.m; path = Shakd/ZSSLoginViewController.m; sourceTree = "<group>"; };
		4AA71FED1A5C5EAB000A8B8E /* ZSSLoginViewController.xib */ = {isa = PBXFileReference; fileEncoding = 4; lastKnownFileType = file.xib; name = ZSSLoginViewController.xib; path = Shakd/ZSSLoginViewController.xib; sourceTree = "<group>"; };
		4AA71FF21A5C5ECA000A8B8E /* ZSSWelcomeViewController.h */ = {isa = PBXFileReference; fileEncoding = 4; lastKnownFileType = sourcecode.c.h; name = ZSSWelcomeViewController.h; path = Shakd/ZSSWelcomeViewController.h; sourceTree = "<group>"; };
		4AA71FF31A5C5ECA000A8B8E /* ZSSWelcomeViewController.m */ = {isa = PBXFileReference; fileEncoding = 4; lastKnownFileType = sourcecode.c.objc; name = ZSSWelcomeViewController.m; path = Shakd/ZSSWelcomeViewController.m; sourceTree = "<group>"; };
		4AA71FF41A5C5ECA000A8B8E /* ZSSWelcomeViewController.xib */ = {isa = PBXFileReference; fileEncoding = 4; lastKnownFileType = file.xib; name = ZSSWelcomeViewController.xib; path = Shakd/ZSSWelcomeViewController.xib; sourceTree = "<group>"; };
		4AA71FF91A5C5EDD000A8B8E /* ZSSHomeViewController.h */ = {isa = PBXFileReference; fileEncoding = 4; lastKnownFileType = sourcecode.c.h; name = ZSSHomeViewController.h; path = Shakd/ZSSHomeViewController.h; sourceTree = "<group>"; };
		4AA71FFA1A5C5EDD000A8B8E /* ZSSHomeViewController.m */ = {isa = PBXFileReference; fileEncoding = 4; lastKnownFileType = sourcecode.c.objc; name = ZSSHomeViewController.m; path = Shakd/ZSSHomeViewController.m; sourceTree = "<group>"; };
		4AA71FFB1A5C5EDD000A8B8E /* ZSSHomeViewController.xib */ = {isa = PBXFileReference; fileEncoding = 4; lastKnownFileType = file.xib; name = ZSSHomeViewController.xib; path = Shakd/ZSSHomeViewController.xib; sourceTree = "<group>"; };
		4AA720001A5C5EF7000A8B8E /* CloudQueryHeader.h */ = {isa = PBXFileReference; fileEncoding = 4; lastKnownFileType = sourcecode.c.h; name = CloudQueryHeader.h; path = Shakd/CloudQueryHeader.h; sourceTree = "<group>"; };
		4AA720011A5C5EF7000A8B8E /* ZSSCloudQuerier.h */ = {isa = PBXFileReference; fileEncoding = 4; lastKnownFileType = sourcecode.c.h; name = ZSSCloudQuerier.h; path = Shakd/ZSSCloudQuerier.h; sourceTree = "<group>"; };
		4AA720021A5C5EF7000A8B8E /* ZSSCloudQuerier.m */ = {isa = PBXFileReference; fileEncoding = 4; lastKnownFileType = sourcecode.c.objc; name = ZSSCloudQuerier.m; path = Shakd/ZSSCloudQuerier.m; sourceTree = "<group>"; };
		4AA720091A5C5FD7000A8B8E /* ZSSLocalQuerier.h */ = {isa = PBXFileReference; fileEncoding = 4; lastKnownFileType = sourcecode.c.h; path = ZSSLocalQuerier.h; sourceTree = "<group>"; };
		4AA7200A1A5C5FD7000A8B8E /* ZSSLocalQuerier.m */ = {isa = PBXFileReference; fileEncoding = 4; lastKnownFileType = sourcecode.c.objc; path = ZSSLocalQuerier.m; sourceTree = "<group>"; };
		4AA7200E1A5C8819000A8B8E /* AbstractActionSheetPicker.h */ = {isa = PBXFileReference; fileEncoding = 4; lastKnownFileType = sourcecode.c.h; path = AbstractActionSheetPicker.h; sourceTree = "<group>"; };
		4AA7200F1A5C8819000A8B8E /* AbstractActionSheetPicker.m */ = {isa = PBXFileReference; fileEncoding = 4; lastKnownFileType = sourcecode.c.objc; path = AbstractActionSheetPicker.m; sourceTree = "<group>"; };
		4AA720101A5C8819000A8B8E /* ActionSheetCustomPicker.h */ = {isa = PBXFileReference; fileEncoding = 4; lastKnownFileType = sourcecode.c.h; path = ActionSheetCustomPicker.h; sourceTree = "<group>"; };
		4AA720111A5C8819000A8B8E /* ActionSheetCustomPicker.m */ = {isa = PBXFileReference; fileEncoding = 4; lastKnownFileType = sourcecode.c.objc; path = ActionSheetCustomPicker.m; sourceTree = "<group>"; };
		4AA720121A5C8819000A8B8E /* ActionSheetCustomPickerDelegate.h */ = {isa = PBXFileReference; fileEncoding = 4; lastKnownFileType = sourcecode.c.h; path = ActionSheetCustomPickerDelegate.h; sourceTree = "<group>"; };
		4AA720131A5C8819000A8B8E /* ActionSheetDatePicker.h */ = {isa = PBXFileReference; fileEncoding = 4; lastKnownFileType = sourcecode.c.h; path = ActionSheetDatePicker.h; sourceTree = "<group>"; };
		4AA720141A5C8819000A8B8E /* ActionSheetDatePicker.m */ = {isa = PBXFileReference; fileEncoding = 4; lastKnownFileType = sourcecode.c.objc; path = ActionSheetDatePicker.m; sourceTree = "<group>"; };
		4AA720151A5C8819000A8B8E /* ActionSheetDistancePicker.h */ = {isa = PBXFileReference; fileEncoding = 4; lastKnownFileType = sourcecode.c.h; path = ActionSheetDistancePicker.h; sourceTree = "<group>"; };
		4AA720161A5C8819000A8B8E /* ActionSheetDistancePicker.m */ = {isa = PBXFileReference; fileEncoding = 4; lastKnownFileType = sourcecode.c.objc; path = ActionSheetDistancePicker.m; sourceTree = "<group>"; };
		4AA720171A5C8819000A8B8E /* ActionSheetLocalePicker.h */ = {isa = PBXFileReference; fileEncoding = 4; lastKnownFileType = sourcecode.c.h; path = ActionSheetLocalePicker.h; sourceTree = "<group>"; };
		4AA720181A5C8819000A8B8E /* ActionSheetLocalePicker.m */ = {isa = PBXFileReference; fileEncoding = 4; lastKnownFileType = sourcecode.c.objc; path = ActionSheetLocalePicker.m; sourceTree = "<group>"; };
		4AA720191A5C8819000A8B8E /* ActionSheetPicker.h */ = {isa = PBXFileReference; fileEncoding = 4; lastKnownFileType = sourcecode.c.h; path = ActionSheetPicker.h; sourceTree = "<group>"; };
		4AA7201A1A5C8819000A8B8E /* ActionSheetStringPicker.h */ = {isa = PBXFileReference; fileEncoding = 4; lastKnownFileType = sourcecode.c.h; path = ActionSheetStringPicker.h; sourceTree = "<group>"; };
		4AA7201B1A5C8819000A8B8E /* ActionSheetStringPicker.m */ = {isa = PBXFileReference; fileEncoding = 4; lastKnownFileType = sourcecode.c.objc; path = ActionSheetStringPicker.m; sourceTree = "<group>"; };
		4AA7201C1A5C8819000A8B8E /* DistancePickerView.h */ = {isa = PBXFileReference; fileEncoding = 4; lastKnownFileType = sourcecode.c.h; path = DistancePickerView.h; sourceTree = "<group>"; };
		4AA7201D1A5C8819000A8B8E /* DistancePickerView.m */ = {isa = PBXFileReference; fileEncoding = 4; lastKnownFileType = sourcecode.c.objc; path = DistancePickerView.m; sourceTree = "<group>"; };
		4AA7201E1A5C8819000A8B8E /* SWActionSheet.h */ = {isa = PBXFileReference; fileEncoding = 4; lastKnownFileType = sourcecode.c.h; path = SWActionSheet.h; sourceTree = "<group>"; };
		4AA7201F1A5C8819000A8B8E /* SWActionSheet.m */ = {isa = PBXFileReference; fileEncoding = 4; lastKnownFileType = sourcecode.c.objc; path = SWActionSheet.m; sourceTree = "<group>"; };
		4AA7202C1A5CA537000A8B8E /* ZSSFriendsTableViewController.h */ = {isa = PBXFileReference; fileEncoding = 4; lastKnownFileType = sourcecode.c.h; name = ZSSFriendsTableViewController.h; path = Shakd/ZSSFriendsTableViewController.h; sourceTree = "<group>"; };
		4AA7202D1A5CA537000A8B8E /* ZSSFriendsTableViewController.m */ = {isa = PBXFileReference; fileEncoding = 4; lastKnownFileType = sourcecode.c.objc; name = ZSSFriendsTableViewController.m; path = Shakd/ZSSFriendsTableViewController.m; sourceTree = "<group>"; };
		4ACF3E1C1A5246D80030C07E /* testZSSCloudQuerier.h */ = {isa = PBXFileReference; fileEncoding = 4; lastKnownFileType = sourcecode.c.h; path = testZSSCloudQuerier.h; sourceTree = "<group>"; };
		4ACF3E1D1A5246D80030C07E /* testZSSCloudQuerier.m */ = {isa = PBXFileReference; fileEncoding = 4; lastKnownFileType = sourcecode.c.objc; path = testZSSCloudQuerier.m; sourceTree = "<group>"; };
		4AFCD1261A4FC2E400543CE1 /* Shakd.app */ = {isa = PBXFileReference; explicitFileType = wrapper.application; includeInIndex = 0; path = Shakd.app; sourceTree = BUILT_PRODUCTS_DIR; };
		4AFCD12A1A4FC2E400543CE1 /* Info.plist */ = {isa = PBXFileReference; lastKnownFileType = text.plist.xml; path = Info.plist; sourceTree = "<group>"; };
		4AFCD12B1A4FC2E400543CE1 /* main.m */ = {isa = PBXFileReference; lastKnownFileType = sourcecode.c.objc; path = main.m; sourceTree = "<group>"; };
		4AFCD12D1A4FC2E400543CE1 /* AppDelegate.h */ = {isa = PBXFileReference; lastKnownFileType = sourcecode.c.h; path = AppDelegate.h; sourceTree = "<group>"; };
		4AFCD12E1A4FC2E400543CE1 /* AppDelegate.m */ = {isa = PBXFileReference; lastKnownFileType = sourcecode.c.objc; path = AppDelegate.m; sourceTree = "<group>"; };
		4AFCD1301A4FC2E400543CE1 /* ViewController.h */ = {isa = PBXFileReference; lastKnownFileType = sourcecode.c.h; path = ViewController.h; sourceTree = "<group>"; };
		4AFCD1311A4FC2E400543CE1 /* ViewController.m */ = {isa = PBXFileReference; lastKnownFileType = sourcecode.c.objc; path = ViewController.m; sourceTree = "<group>"; };
		4AFCD1361A4FC2E400543CE1 /* Images.xcassets */ = {isa = PBXFileReference; lastKnownFileType = folder.assetcatalog; path = Images.xcassets; sourceTree = "<group>"; };
		4AFCD1391A4FC2E400543CE1 /* Base */ = {isa = PBXFileReference; lastKnownFileType = file.xib; name = Base; path = Base.lproj/LaunchScreen.xib; sourceTree = "<group>"; };
		4AFCD13F1A4FC2E400543CE1 /* ShakdTests.xctest */ = {isa = PBXFileReference; explicitFileType = wrapper.cfbundle; includeInIndex = 0; path = ShakdTests.xctest; sourceTree = BUILT_PRODUCTS_DIR; };
		4AFCD1441A4FC2E400543CE1 /* Info.plist */ = {isa = PBXFileReference; lastKnownFileType = text.plist.xml; path = Info.plist; sourceTree = "<group>"; };
		4AFCD1451A4FC2E400543CE1 /* ShakdTests.m */ = {isa = PBXFileReference; lastKnownFileType = sourcecode.c.objc; path = ShakdTests.m; sourceTree = "<group>"; };
		4AFCD14F1A4FC4CB00543CE1 /* AudioToolbox.framework */ = {isa = PBXFileReference; lastKnownFileType = wrapper.framework; name = AudioToolbox.framework; path = System/Library/Frameworks/AudioToolbox.framework; sourceTree = SDKROOT; };
		4AFCD1501A4FC4CB00543CE1 /* AVFoundation.framework */ = {isa = PBXFileReference; lastKnownFileType = wrapper.framework; name = AVFoundation.framework; path = System/Library/Frameworks/AVFoundation.framework; sourceTree = SDKROOT; };
		4AFCD1511A4FC4CB00543CE1 /* CoreGraphics.framework */ = {isa = PBXFileReference; lastKnownFileType = wrapper.framework; name = CoreGraphics.framework; path = System/Library/Frameworks/CoreGraphics.framework; sourceTree = SDKROOT; };
		4AFCD1521A4FC4CB00543CE1 /* CoreTelephony.framework */ = {isa = PBXFileReference; lastKnownFileType = wrapper.framework; name = CoreTelephony.framework; path = System/Library/Frameworks/CoreTelephony.framework; sourceTree = SDKROOT; };
		4AFCD1531A4FC4CB00543CE1 /* EventKit.framework */ = {isa = PBXFileReference; lastKnownFileType = wrapper.framework; name = EventKit.framework; path = System/Library/Frameworks/EventKit.framework; sourceTree = SDKROOT; };
		4AFCD1541A4FC4CB00543CE1 /* EventKitUI.framework */ = {isa = PBXFileReference; lastKnownFileType = wrapper.framework; name = EventKitUI.framework; path = System/Library/Frameworks/EventKitUI.framework; sourceTree = SDKROOT; };
		4AFCD1551A4FC4CB00543CE1 /* Foundation.framework */ = {isa = PBXFileReference; lastKnownFileType = wrapper.framework; name = Foundation.framework; path = System/Library/Frameworks/Foundation.framework; sourceTree = SDKROOT; };
		4AFCD1561A4FC4CB00543CE1 /* MessageUI.framework */ = {isa = PBXFileReference; lastKnownFileType = wrapper.framework; name = MessageUI.framework; path = System/Library/Frameworks/MessageUI.framework; sourceTree = SDKROOT; };
		4AFCD1571A4FC4CB00543CE1 /* StoreKit.framework */ = {isa = PBXFileReference; lastKnownFileType = wrapper.framework; name = StoreKit.framework; path = System/Library/Frameworks/StoreKit.framework; sourceTree = SDKROOT; };
		4AFCD1581A4FC4CB00543CE1 /* SystemConfiguration.framework */ = {isa = PBXFileReference; lastKnownFileType = wrapper.framework; name = SystemConfiguration.framework; path = System/Library/Frameworks/SystemConfiguration.framework; sourceTree = SDKROOT; };
		4AFCD1651A4FC5CC00543CE1 /* Bolts.framework */ = {isa = PBXFileReference; lastKnownFileType = wrapper.framework; path = Bolts.framework; sourceTree = "<group>"; };
		4AFCD1661A4FC5CC00543CE1 /* Parse.framework */ = {isa = PBXFileReference; lastKnownFileType = wrapper.framework; path = Parse.framework; sourceTree = "<group>"; };
		4AFCD1671A4FC5CC00543CE1 /* ParseCrashReporting.framework */ = {isa = PBXFileReference; lastKnownFileType = wrapper.framework; path = ParseCrashReporting.framework; sourceTree = "<group>"; };
		4AFCD1681A4FC5CC00543CE1 /* ParseFacebookUtils.framework */ = {isa = PBXFileReference; lastKnownFileType = wrapper.framework; path = ParseFacebookUtils.framework; sourceTree = "<group>"; };
		4AFCD1691A4FC5CC00543CE1 /* ParseUI.framework */ = {isa = PBXFileReference; lastKnownFileType = wrapper.framework; path = ParseUI.framework; sourceTree = "<group>"; };
		4AFCD16F1A4FC60000543CE1 /* CFNetwork.framework */ = {isa = PBXFileReference; lastKnownFileType = wrapper.framework; name = CFNetwork.framework; path = System/Library/Frameworks/CFNetwork.framework; sourceTree = SDKROOT; };
		4AFCD1711A4FC65C00543CE1 /* CoreLocation.framework */ = {isa = PBXFileReference; lastKnownFileType = wrapper.framework; name = CoreLocation.framework; path = System/Library/Frameworks/CoreLocation.framework; sourceTree = SDKROOT; };
		4AFCD1721A4FC65C00543CE1 /* libsqlite3.dylib */ = {isa = PBXFileReference; lastKnownFileType = "compiled.mach-o.dylib"; name = libsqlite3.dylib; path = usr/lib/libsqlite3.dylib; sourceTree = SDKROOT; };
		4AFCD1731A4FC65C00543CE1 /* libz.dylib */ = {isa = PBXFileReference; lastKnownFileType = "compiled.mach-o.dylib"; name = libz.dylib; path = usr/lib/libz.dylib; sourceTree = SDKROOT; };
		4AFCD1741A4FC65C00543CE1 /* MobileCoreServices.framework */ = {isa = PBXFileReference; lastKnownFileType = wrapper.framework; name = MobileCoreServices.framework; path = System/Library/Frameworks/MobileCoreServices.framework; sourceTree = SDKROOT; };
		4AFCD1751A4FC65C00543CE1 /* QuartzCore.framework */ = {isa = PBXFileReference; lastKnownFileType = wrapper.framework; name = QuartzCore.framework; path = System/Library/Frameworks/QuartzCore.framework; sourceTree = SDKROOT; };
		4AFCD1761A4FC65C00543CE1 /* Security.framework */ = {isa = PBXFileReference; lastKnownFileType = wrapper.framework; name = Security.framework; path = System/Library/Frameworks/Security.framework; sourceTree = SDKROOT; };
		4AFCD17F1A4FC7A800543CE1 /* FBAudienceNetwork.framework */ = {isa = PBXFileReference; lastKnownFileType = wrapper.framework; path = FBAudienceNetwork.framework; sourceTree = "<group>"; };
		4AFCD1811A4FC85200543CE1 /* Social.framework */ = {isa = PBXFileReference; lastKnownFileType = wrapper.framework; name = Social.framework; path = System/Library/Frameworks/Social.framework; sourceTree = SDKROOT; };
		4AFCD1831A4FC86300543CE1 /* Accounts.framework */ = {isa = PBXFileReference; lastKnownFileType = wrapper.framework; name = Accounts.framework; path = System/Library/Frameworks/Accounts.framework; sourceTree = SDKROOT; };
		4AFCD1851A4FC8F900543CE1 /* libstdc++.6.dylib */ = {isa = PBXFileReference; lastKnownFileType = "compiled.mach-o.dylib"; name = "libstdc++.6.dylib"; path = "usr/lib/libstdc++.6.dylib"; sourceTree = SDKROOT; };
		4AFCD1871A4FC94B00543CE1 /* FacebookSDK.framework */ = {isa = PBXFileReference; lastKnownFileType = wrapper.framework; path = FacebookSDK.framework; sourceTree = "<group>"; };
		4AFCD18E1A50641F00543CE1 /* ShakdModel.xcdatamodel */ = {isa = PBXFileReference; lastKnownFileType = wrapper.xcdatamodel; path = ShakdModel.xcdatamodel; sourceTree = "<group>"; };
		4AFCD1991A50695D00543CE1 /* ZSSMessage.h */ = {isa = PBXFileReference; fileEncoding = 4; lastKnownFileType = sourcecode.c.h; path = ZSSMessage.h; sourceTree = "<group>"; };
		4AFCD19A1A50695D00543CE1 /* ZSSMessage.m */ = {isa = PBXFileReference; fileEncoding = 4; lastKnownFileType = sourcecode.c.objc; path = ZSSMessage.m; sourceTree = "<group>"; };
		4AFCD19B1A50695D00543CE1 /* ZSSFriendRequest.h */ = {isa = PBXFileReference; fileEncoding = 4; lastKnownFileType = sourcecode.c.h; path = ZSSFriendRequest.h; sourceTree = "<group>"; };
		4AFCD19C1A50695D00543CE1 /* ZSSFriendRequest.m */ = {isa = PBXFileReference; fileEncoding = 4; lastKnownFileType = sourcecode.c.objc; path = ZSSFriendRequest.m; sourceTree = "<group>"; };
		4AFCD19D1A50695D00543CE1 /* ZSSUser.h */ = {isa = PBXFileReference; fileEncoding = 4; lastKnownFileType = sourcecode.c.h; path = ZSSUser.h; sourceTree = "<group>"; };
		4AFCD19E1A50695D00543CE1 /* ZSSUser.m */ = {isa = PBXFileReference; fileEncoding = 4; lastKnownFileType = sourcecode.c.objc; path = ZSSUser.m; sourceTree = "<group>"; };
		4AFCD1A21A506A0000543CE1 /* ZSSDictionaryTransformer.h */ = {isa = PBXFileReference; fileEncoding = 4; lastKnownFileType = sourcecode.c.h; path = ZSSDictionaryTransformer.h; sourceTree = "<group>"; };
		4AFCD1A31A506A0000543CE1 /* ZSSDictionaryTransformer.m */ = {isa = PBXFileReference; fileEncoding = 4; lastKnownFileType = sourcecode.c.objc; path = ZSSDictionaryTransformer.m; sourceTree = "<group>"; };
		4AFCD1A91A506B0300543CE1 /* ZSSLocalStore.h */ = {isa = PBXFileReference; fileEncoding = 4; lastKnownFileType = sourcecode.c.h; path = ZSSLocalStore.h; sourceTree = "<group>"; };
		4AFCD1AA1A506B0300543CE1 /* ZSSLocalStore.m */ = {isa = PBXFileReference; fileEncoding = 4; lastKnownFileType = sourcecode.c.objc; path = ZSSLocalStore.m; sourceTree = "<group>"; };
		4AFCD1AC1A506B1A00543CE1 /* ZSSLocalFactory.h */ = {isa = PBXFileReference; fileEncoding = 4; lastKnownFileType = sourcecode.c.h; path = ZSSLocalFactory.h; sourceTree = "<group>"; };
		4AFCD1AD1A506B1A00543CE1 /* ZSSLocalFactory.m */ = {isa = PBXFileReference; fileEncoding = 4; lastKnownFileType = sourcecode.c.objc; path = ZSSLocalFactory.m; sourceTree = "<group>"; };
		4AFCD1AF1A50B8F800543CE1 /* testZSSLocalStore.h */ = {isa = PBXFileReference; fileEncoding = 4; lastKnownFileType = sourcecode.c.h; path = testZSSLocalStore.h; sourceTree = "<group>"; };
		4AFCD1B01A50B8F800543CE1 /* testZSSLocalStore.m */ = {isa = PBXFileReference; fileEncoding = 4; lastKnownFileType = sourcecode.c.objc; path = testZSSLocalStore.m; sourceTree = "<group>"; };
		4AFCD1B21A50BD7700543CE1 /* CoreDataObjects.h */ = {isa = PBXFileReference; lastKnownFileType = sourcecode.c.h; path = CoreDataObjects.h; sourceTree = "<group>"; };
		6188D974F392498F33B02473 /* libPods-Shakd.a */ = {isa = PBXFileReference; explicitFileType = archive.ar; includeInIndex = 0; path = "libPods-Shakd.a"; sourceTree = BUILT_PRODUCTS_DIR; };
		B03047185DDCEB4CF7CBCC00 /* Pods-Shakd.debug.xcconfig */ = {isa = PBXFileReference; includeInIndex = 1; lastKnownFileType = text.xcconfig; name = "Pods-Shakd.debug.xcconfig"; path = "Pods/Target Support Files/Pods-Shakd/Pods-Shakd.debug.xcconfig"; sourceTree = "<group>"; };
		C01919734C78DF7080AD608F /* Pods-Shakd.release.xcconfig */ = {isa = PBXFileReference; includeInIndex = 1; lastKnownFileType = text.xcconfig; name = "Pods-Shakd.release.xcconfig"; path = "Pods/Target Support Files/Pods-Shakd/Pods-Shakd.release.xcconfig"; sourceTree = "<group>"; };
/* End PBXFileReference section */

/* Begin PBXFrameworksBuildPhase section */
		4AFCD1231A4FC2E400543CE1 /* Frameworks */ = {
			isa = PBXFrameworksBuildPhase;
			buildActionMask = 2147483647;
			files = (
				4AFCD18C1A4FC9B900543CE1 /* Social.framework in Frameworks */,
				4AFCD18B1A4FC9B000543CE1 /* Accounts.framework in Frameworks */,
				4AFCD18A1A4FC9A200543CE1 /* libstdc++.6.dylib in Frameworks */,
				4AFCD1771A4FC65C00543CE1 /* CoreLocation.framework in Frameworks */,
				4AFCD1781A4FC65C00543CE1 /* libsqlite3.dylib in Frameworks */,
				4AFCD1791A4FC65C00543CE1 /* libz.dylib in Frameworks */,
				4AFCD17A1A4FC65C00543CE1 /* MobileCoreServices.framework in Frameworks */,
				4AFCD17B1A4FC65C00543CE1 /* QuartzCore.framework in Frameworks */,
				4AFCD17C1A4FC65C00543CE1 /* Security.framework in Frameworks */,
				4AFCD15B1A4FC4CB00543CE1 /* CoreGraphics.framework in Frameworks */,
				4AFCD1611A4FC4CB00543CE1 /* StoreKit.framework in Frameworks */,
				4AFCD1621A4FC4CB00543CE1 /* SystemConfiguration.framework in Frameworks */,
				4AFCD1701A4FC60000543CE1 /* CFNetwork.framework in Frameworks */,
				4AFCD1591A4FC4CB00543CE1 /* AudioToolbox.framework in Frameworks */,
				4AFCD15A1A4FC4CB00543CE1 /* AVFoundation.framework in Frameworks */,
				4AFCD15C1A4FC4CB00543CE1 /* CoreTelephony.framework in Frameworks */,
				4AFCD1801A4FC7A800543CE1 /* FBAudienceNetwork.framework in Frameworks */,
				4AFCD16C1A4FC5CC00543CE1 /* ParseCrashReporting.framework in Frameworks */,
				4AFCD16E1A4FC5CC00543CE1 /* ParseUI.framework in Frameworks */,
				4AFCD15D1A4FC4CB00543CE1 /* EventKit.framework in Frameworks */,
				4AFCD16B1A4FC5CC00543CE1 /* Parse.framework in Frameworks */,
				4AFCD16D1A4FC5CC00543CE1 /* ParseFacebookUtils.framework in Frameworks */,
				4AFCD1881A4FC94B00543CE1 /* FacebookSDK.framework in Frameworks */,
				4AFCD15E1A4FC4CB00543CE1 /* EventKitUI.framework in Frameworks */,
				4AFCD15F1A4FC4CB00543CE1 /* Foundation.framework in Frameworks */,
				4AFCD1601A4FC4CB00543CE1 /* MessageUI.framework in Frameworks */,
				D5AD8918482759B29590AFB6 /* libPods-Shakd.a in Frameworks */,
			);
			runOnlyForDeploymentPostprocessing = 0;
		};
		4AFCD13C1A4FC2E400543CE1 /* Frameworks */ = {
			isa = PBXFrameworksBuildPhase;
			buildActionMask = 2147483647;
			files = (
				4ACF3E391A524A3F0030C07E /* libstdc++.6.dylib in Frameworks */,
				4ACF3E381A524A2D0030C07E /* CoreLocation.framework in Frameworks */,
				4ACF3E371A524A230030C07E /* libsqlite3.dylib in Frameworks */,
				4ACF3E361A524A0C0030C07E /* libz.dylib in Frameworks */,
				4ACF3E351A5249FD0030C07E /* MobileCoreServices.framework in Frameworks */,
				4ACF3E341A5249F70030C07E /* QuartzCore.framework in Frameworks */,
				4ACF3E321A5249E80030C07E /* CoreGraphics.framework in Frameworks */,
				4ACF3E331A5249E80030C07E /* Security.framework in Frameworks */,
				4ACF3E301A5249D60030C07E /* StoreKit.framework in Frameworks */,
				4ACF3E311A5249D60030C07E /* SystemConfiguration.framework in Frameworks */,
				4ACF3E2E1A5249C20030C07E /* AudioToolbox.framework in Frameworks */,
				4ACF3E2F1A5249C20030C07E /* CFNetwork.framework in Frameworks */,
				4ACF3E2D1A5249B40030C07E /* AVFoundation.framework in Frameworks */,
				4ACF3E2C1A5249A90030C07E /* CoreTelephony.framework in Frameworks */,
				4ACF3E2B1A5249820030C07E /* FBAudienceNetwork.framework in Frameworks */,
				4ACF3E2A1A5249690030C07E /* ParseCrashReporting.framework in Frameworks */,
				4ACF3E291A5249520030C07E /* ParseUI.framework in Frameworks */,
				4ACF3E281A5249460030C07E /* EventKit.framework in Frameworks */,
				4ACF3E271A5249370030C07E /* Parse.framework in Frameworks */,
				4ACF3E251A5249220030C07E /* FacebookSDK.framework in Frameworks */,
				4ACF3E261A5249220030C07E /* ParseFacebookUtils.framework in Frameworks */,
				4ACF3E241A52490D0030C07E /* EventKitUI.framework in Frameworks */,
				4ACF3E221A5248EE0030C07E /* Foundation.framework in Frameworks */,
				4ACF3E211A5248E50030C07E /* MessageUI.framework in Frameworks */,
				4ACF3E201A5248DB0030C07E /* Accounts.framework in Frameworks */,
				4ACF3E1F1A5248D30030C07E /* Social.framework in Frameworks */,
			);
			runOnlyForDeploymentPostprocessing = 0;
		};
/* End PBXFrameworksBuildPhase section */

/* Begin PBXGroup section */
		433E3CCA3D8DD2D1F24ACE7D /* Pods */ = {
			isa = PBXGroup;
			children = (
				B03047185DDCEB4CF7CBCC00 /* Pods-Shakd.debug.xcconfig */,
				C01919734C78DF7080AD608F /* Pods-Shakd.release.xcconfig */,
			);
			name = Pods;
			sourceTree = "<group>";
		};
		4A4217FE1A50DFA5004B999B /* Startup */ = {
			isa = PBXGroup;
			children = (
				4AA71FF21A5C5ECA000A8B8E /* ZSSWelcomeViewController.h */,
				4AA71FF31A5C5ECA000A8B8E /* ZSSWelcomeViewController.m */,
				4AA71FF41A5C5ECA000A8B8E /* ZSSWelcomeViewController.xib */,
				4AA71FEB1A5C5EAB000A8B8E /* ZSSLoginViewController.h */,
				4AA71FEC1A5C5EAB000A8B8E /* ZSSLoginViewController.m */,
				4AA71FED1A5C5EAB000A8B8E /* ZSSLoginViewController.xib */,
				4AA71FE41A5C5E9B000A8B8E /* ZSSSignUpViewController.h */,
				4AA71FE51A5C5E9B000A8B8E /* ZSSSignUpViewController.m */,
				4AA71FE61A5C5E9B000A8B8E /* ZSSSignUpViewController.xib */,
				4AA71FDA1A5C520C000A8B8E /* ZSSForgotPasswordViewController.h */,
				4AA71FDB1A5C520C000A8B8E /* ZSSForgotPasswordViewController.m */,
				4AA71FDC1A5C520C000A8B8E /* ZSSForgotPasswordViewController.xib */,
			);
			name = Startup;
			path = ..;
			sourceTree = "<group>";
		};
		4A7D505F1A5201E200C57F51 /* Cloud */ = {
			isa = PBXGroup;
			children = (
				4AA720001A5C5EF7000A8B8E /* CloudQueryHeader.h */,
				4AA720011A5C5EF7000A8B8E /* ZSSCloudQuerier.h */,
				4AA720021A5C5EF7000A8B8E /* ZSSCloudQuerier.m */,
			);
			name = Cloud;
			path = ..;
			sourceTree = "<group>";
		};
		4A823B651A5DF7EE00FDD58D /* Images */ = {
			isa = PBXGroup;
			children = (
				4A823B5F1A5DF7BC00FDD58D /* group-30.png */,
				4A823B601A5DF7BC00FDD58D /* group-60.png */,
				4A823B611A5DF7BC00FDD58D /* group-90.png */,
				4A823B661A5E36E600FDD58D /* left-30.png */,
				4A823B671A5E36E600FDD58D /* left-60.png */,
				4A823B681A5E36E600FDD58D /* left-90.png */,
				4A45C23F1A5F5D6400080F1B /* meeting-30.png */,
				4A45C2401A5F5D6400080F1B /* meeting-60.png */,
				4A45C2411A5F5D6400080F1B /* meeting-90.png */,
				4A45C2451A5F629400080F1B /* approve-30.png */,
				4A45C2461A5F629400080F1B /* approve-60.png */,
				4A45C2471A5F629400080F1B /* approve-90.png */,
				4A45C2481A5F629400080F1B /* good_decision-30.png */,
				4A45C2491A5F629400080F1B /* good_decision-60.png */,
				4A45C24A1A5F629400080F1B /* good_decision-90.png */,
				4A45C24B1A5F629400080F1B /* neutral_decision-30.png */,
				4A45C24C1A5F629400080F1B /* neutral_decision-60.png */,
				4A45C24D1A5F629400080F1B /* neutral_decision-90.png */,
			);
			name = Images;
			sourceTree = "<group>";
		};
		4AA7200D1A5C6039000A8B8E /* Home */ = {
			isa = PBXGroup;
			children = (
				4AA71FF91A5C5EDD000A8B8E /* ZSSHomeViewController.h */,
				4AA71FFA1A5C5EDD000A8B8E /* ZSSHomeViewController.m */,
				4AA71FFB1A5C5EDD000A8B8E /* ZSSHomeViewController.xib */,
			);
			name = Home;
			path = ..;
			sourceTree = "<group>";
		};
		4AA720281A5C8826000A8B8E /* ActionSheetPicker */ = {
			isa = PBXGroup;
			children = (
				4AA7200E1A5C8819000A8B8E /* AbstractActionSheetPicker.h */,
				4AA7200F1A5C8819000A8B8E /* AbstractActionSheetPicker.m */,
				4AA720101A5C8819000A8B8E /* ActionSheetCustomPicker.h */,
				4AA720111A5C8819000A8B8E /* ActionSheetCustomPicker.m */,
				4AA720121A5C8819000A8B8E /* ActionSheetCustomPickerDelegate.h */,
				4AA720131A5C8819000A8B8E /* ActionSheetDatePicker.h */,
				4AA720141A5C8819000A8B8E /* ActionSheetDatePicker.m */,
				4AA720151A5C8819000A8B8E /* ActionSheetDistancePicker.h */,
				4AA720161A5C8819000A8B8E /* ActionSheetDistancePicker.m */,
				4AA720171A5C8819000A8B8E /* ActionSheetLocalePicker.h */,
				4AA720181A5C8819000A8B8E /* ActionSheetLocalePicker.m */,
				4AA720191A5C8819000A8B8E /* ActionSheetPicker.h */,
				4AA7201A1A5C8819000A8B8E /* ActionSheetStringPicker.h */,
				4AA7201B1A5C8819000A8B8E /* ActionSheetStringPicker.m */,
				4AA7201C1A5C8819000A8B8E /* DistancePickerView.h */,
				4AA7201D1A5C8819000A8B8E /* DistancePickerView.m */,
				4AA7201E1A5C8819000A8B8E /* SWActionSheet.h */,
				4AA7201F1A5C8819000A8B8E /* SWActionSheet.m */,
			);
			name = ActionSheetPicker;
			sourceTree = "<group>";
		};
		4AA7202F1A5CA64C000A8B8E /* Friends */ = {
			isa = PBXGroup;
			children = (
				4AA7202C1A5CA537000A8B8E /* ZSSFriendsTableViewController.h */,
				4AA7202D1A5CA537000A8B8E /* ZSSFriendsTableViewController.m */,
				4A45C2271A5F4CEE00080F1B /* ZSSFriendCell.h */,
				4A45C2281A5F4CEE00080F1B /* ZSSFriendCell.m */,
				4A45C2291A5F4CEE00080F1B /* ZSSFriendCell.xib */,
				4A45C2241A5F4CE200080F1B /* ZSSFriendRequestsTableViewController.h */,
				4A45C2251A5F4CE200080F1B /* ZSSFriendRequestsTableViewController.m */,
				4A45C25C1A5F757E00080F1B /* ZSSFriendRequestCell.h */,
				4A45C25D1A5F757E00080F1B /* ZSSFriendRequestCell.m */,
				4A45C25E1A5F757E00080F1B /* ZSSFriendRequestCell.xib */,
				4A45C2611A5F759000080F1B /* ZSSAddFriendViewController.h */,
				4A45C2621A5F759000080F1B /* ZSSAddFriendViewController.m */,
				4A45C2631A5F759000080F1B /* ZSSAddFriendViewController.xib */,
			);
			name = Friends;
			path = ..;
			sourceTree = "<group>";
		};
		4AFCD11D1A4FC2E400543CE1 = {
			isa = PBXGroup;
			children = (
				4AFCD1281A4FC2E400543CE1 /* Shakd */,
				4AFCD1421A4FC2E400543CE1 /* ShakdTests */,
				4AFCD1271A4FC2E400543CE1 /* Products */,
				433E3CCA3D8DD2D1F24ACE7D /* Pods */,
				54DD8A252B892ECBB197F29D /* Frameworks */,
			);
			sourceTree = "<group>";
		};
		4AFCD1271A4FC2E400543CE1 /* Products */ = {
			isa = PBXGroup;
			children = (
				4AFCD1261A4FC2E400543CE1 /* Shakd.app */,
				4AFCD13F1A4FC2E400543CE1 /* ShakdTests.xctest */,
			);
			name = Products;
			sourceTree = "<group>";
		};
		4AFCD1281A4FC2E400543CE1 /* Shakd */ = {
			isa = PBXGroup;
			children = (
				4A823B651A5DF7EE00FDD58D /* Images */,
				4AFCD12D1A4FC2E400543CE1 /* AppDelegate.h */,
				4AFCD12E1A4FC2E400543CE1 /* AppDelegate.m */,
				4AFCD1301A4FC2E400543CE1 /* ViewController.h */,
				4AFCD1311A4FC2E400543CE1 /* ViewController.m */,
				4AFCD1361A4FC2E400543CE1 /* Images.xcassets */,
				4AFCD1381A4FC2E400543CE1 /* LaunchScreen.xib */,
				4A7D505F1A5201E200C57F51 /* Cloud */,
				4AFCD1A51A506A6700543CE1 /* CoreData */,
				4A4217FE1A50DFA5004B999B /* Startup */,
				4AA7200D1A5C6039000A8B8E /* Home */,
				4AA7202F1A5CA64C000A8B8E /* Friends */,
				4AFCD1291A4FC2E400543CE1 /* Supporting Files */,
			);
			path = Shakd;
			sourceTree = "<group>";
		};
		4AFCD1291A4FC2E400543CE1 /* Supporting Files */ = {
			isa = PBXGroup;
			children = (
				4A45C2341A5F4D1800080F1B /* UIBarButtonItem+MyBarButtons.h */,
				4A45C2351A5F4D1800080F1B /* UIBarButtonItem+MyBarButtons.m */,
				4A45C2661A5F75A000080F1B /* RKDropdownAlert+CommonAlerts.h */,
				4A45C2671A5F75A000080F1B /* RKDropdownAlert+CommonAlerts.m */,
				4A6380D71A59CCED00D56AA4 /* NSString+Extras.h */,
				4A6380D81A59CCED00D56AA4 /* NSString+Extras.m */,
				4A6380D31A59C61F00D56AA4 /* RKDropdownAlert.h */,
				4A6380D41A59C61F00D56AA4 /* RKDropdownAlert.m */,
				4A4217FF1A50E68A004B999B /* UIView+Borders.h */,
				4A4218001A50E68A004B999B /* UIView+Borders.m */,
				4A4218071A50EDD3004B999B /* UIColor+ShakdColors.h */,
				4A4218081A50EDD3004B999B /* UIColor+ShakdColors.m */,
				4AA720281A5C8826000A8B8E /* ActionSheetPicker */,
				4AFCD12A1A4FC2E400543CE1 /* Info.plist */,
				4AFCD12B1A4FC2E400543CE1 /* main.m */,
			);
			name = "Supporting Files";
			sourceTree = "<group>";
		};
		4AFCD1421A4FC2E400543CE1 /* ShakdTests */ = {
			isa = PBXGroup;
			children = (
				4A4217F61A50DCC9004B999B /* testZSSLocalQuerier.h */,
				4A4217F71A50DCC9004B999B /* testZSSLocalQuerier.m */,
				4AFCD1AF1A50B8F800543CE1 /* testZSSLocalStore.h */,
				4AFCD1B01A50B8F800543CE1 /* testZSSLocalStore.m */,
				4A4217ED1A50D83F004B999B /* testZSSLocalFactory.h */,
				4A4217EE1A50D83F004B999B /* testZSSLocalFactory.m */,
				4ACF3E1C1A5246D80030C07E /* testZSSCloudQuerier.h */,
				4ACF3E1D1A5246D80030C07E /* testZSSCloudQuerier.m */,
				4AFCD1451A4FC2E400543CE1 /* ShakdTests.m */,
				4AFCD1431A4FC2E400543CE1 /* Supporting Files */,
			);
			path = ShakdTests;
			sourceTree = "<group>";
		};
		4AFCD1431A4FC2E400543CE1 /* Supporting Files */ = {
			isa = PBXGroup;
			children = (
				4AFCD1441A4FC2E400543CE1 /* Info.plist */,
				4AFCD1B21A50BD7700543CE1 /* CoreDataObjects.h */,
			);
			name = "Supporting Files";
			sourceTree = "<group>";
		};
		4AFCD1A51A506A6700543CE1 /* CoreData */ = {
			isa = PBXGroup;
			children = (
				4AFCD18D1A50641F00543CE1 /* ShakdModel.xcdatamodeld */,
				4AFCD19D1A50695D00543CE1 /* ZSSUser.h */,
				4AFCD19E1A50695D00543CE1 /* ZSSUser.m */,
				4AFCD1991A50695D00543CE1 /* ZSSMessage.h */,
				4AFCD19A1A50695D00543CE1 /* ZSSMessage.m */,
				4AFCD19B1A50695D00543CE1 /* ZSSFriendRequest.h */,
				4AFCD19C1A50695D00543CE1 /* ZSSFriendRequest.m */,
				4AFCD1A21A506A0000543CE1 /* ZSSDictionaryTransformer.h */,
				4AFCD1A31A506A0000543CE1 /* ZSSDictionaryTransformer.m */,
				4AFCD1A91A506B0300543CE1 /* ZSSLocalStore.h */,
				4AFCD1AA1A506B0300543CE1 /* ZSSLocalStore.m */,
				4AFCD1AC1A506B1A00543CE1 /* ZSSLocalFactory.h */,
				4AFCD1AD1A506B1A00543CE1 /* ZSSLocalFactory.m */,
				4A7E803C1A54C3210032D202 /* ZSSLocalSyncer.h */,
				4A7E803D1A54C3210032D202 /* ZSSLocalSyncer.m */,
				4AA720091A5C5FD7000A8B8E /* ZSSLocalQuerier.h */,
				4AA7200A1A5C5FD7000A8B8E /* ZSSLocalQuerier.m */,
			);
			name = CoreData;
			sourceTree = "<group>";
		};
		54DD8A252B892ECBB197F29D /* Frameworks */ = {
			isa = PBXGroup;
			children = (
				4AFCD1871A4FC94B00543CE1 /* FacebookSDK.framework */,
				4AFCD1851A4FC8F900543CE1 /* libstdc++.6.dylib */,
				4AFCD1831A4FC86300543CE1 /* Accounts.framework */,
				4AFCD1811A4FC85200543CE1 /* Social.framework */,
				4AFCD17F1A4FC7A800543CE1 /* FBAudienceNetwork.framework */,
				4AFCD1711A4FC65C00543CE1 /* CoreLocation.framework */,
				4AFCD1721A4FC65C00543CE1 /* libsqlite3.dylib */,
				4AFCD1731A4FC65C00543CE1 /* libz.dylib */,
				4AFCD1741A4FC65C00543CE1 /* MobileCoreServices.framework */,
				4AFCD1751A4FC65C00543CE1 /* QuartzCore.framework */,
				4AFCD1761A4FC65C00543CE1 /* Security.framework */,
				4AFCD16F1A4FC60000543CE1 /* CFNetwork.framework */,
				4AFCD1651A4FC5CC00543CE1 /* Bolts.framework */,
				4AFCD1661A4FC5CC00543CE1 /* Parse.framework */,
				4AFCD1671A4FC5CC00543CE1 /* ParseCrashReporting.framework */,
				4AFCD1681A4FC5CC00543CE1 /* ParseFacebookUtils.framework */,
				4AFCD1691A4FC5CC00543CE1 /* ParseUI.framework */,
				4AFCD14F1A4FC4CB00543CE1 /* AudioToolbox.framework */,
				4AFCD1501A4FC4CB00543CE1 /* AVFoundation.framework */,
				4AFCD1511A4FC4CB00543CE1 /* CoreGraphics.framework */,
				4AFCD1521A4FC4CB00543CE1 /* CoreTelephony.framework */,
				4AFCD1531A4FC4CB00543CE1 /* EventKit.framework */,
				4AFCD1541A4FC4CB00543CE1 /* EventKitUI.framework */,
				4AFCD1551A4FC4CB00543CE1 /* Foundation.framework */,
				4AFCD1561A4FC4CB00543CE1 /* MessageUI.framework */,
				4AFCD1571A4FC4CB00543CE1 /* StoreKit.framework */,
				4AFCD1581A4FC4CB00543CE1 /* SystemConfiguration.framework */,
				6188D974F392498F33B02473 /* libPods-Shakd.a */,
			);
			name = Frameworks;
			sourceTree = "<group>";
		};
/* End PBXGroup section */

/* Begin PBXNativeTarget section */
		4AFCD1251A4FC2E400543CE1 /* Shakd */ = {
			isa = PBXNativeTarget;
			buildConfigurationList = 4AFCD1491A4FC2E400543CE1 /* Build configuration list for PBXNativeTarget "Shakd" */;
			buildPhases = (
				27042A5C2AF8016866CBB0EE /* Check Pods Manifest.lock */,
				4AFCD1221A4FC2E400543CE1 /* Sources */,
				4AFCD1231A4FC2E400543CE1 /* Frameworks */,
				4AFCD1241A4FC2E400543CE1 /* Resources */,
				7E6138559FA93995EF29C221 /* Copy Pods Resources */,
			);
			buildRules = (
			);
			dependencies = (
			);
			name = Shakd;
			productName = Shakd;
			productReference = 4AFCD1261A4FC2E400543CE1 /* Shakd.app */;
			productType = "com.apple.product-type.application";
		};
		4AFCD13E1A4FC2E400543CE1 /* ShakdTests */ = {
			isa = PBXNativeTarget;
			buildConfigurationList = 4AFCD14C1A4FC2E400543CE1 /* Build configuration list for PBXNativeTarget "ShakdTests" */;
			buildPhases = (
				4AFCD13B1A4FC2E400543CE1 /* Sources */,
				4AFCD13C1A4FC2E400543CE1 /* Frameworks */,
				4AFCD13D1A4FC2E400543CE1 /* Resources */,
			);
			buildRules = (
			);
			dependencies = (
				4AFCD1411A4FC2E400543CE1 /* PBXTargetDependency */,
			);
			name = ShakdTests;
			productName = ShakdTests;
			productReference = 4AFCD13F1A4FC2E400543CE1 /* ShakdTests.xctest */;
			productType = "com.apple.product-type.bundle.unit-test";
		};
/* End PBXNativeTarget section */

/* Begin PBXProject section */
		4AFCD11E1A4FC2E400543CE1 /* Project object */ = {
			isa = PBXProject;
			attributes = {
				LastUpgradeCheck = 0610;
				ORGANIZATIONNAME = "Shakked Inc.";
				TargetAttributes = {
					4AFCD1251A4FC2E400543CE1 = {
						CreatedOnToolsVersion = 6.1.1;
					};
					4AFCD13E1A4FC2E400543CE1 = {
						CreatedOnToolsVersion = 6.1.1;
						TestTargetID = 4AFCD1251A4FC2E400543CE1;
					};
				};
			};
			buildConfigurationList = 4AFCD1211A4FC2E400543CE1 /* Build configuration list for PBXProject "Shakd" */;
			compatibilityVersion = "Xcode 3.2";
			developmentRegion = English;
			hasScannedForEncodings = 0;
			knownRegions = (
				en,
				Base,
			);
			mainGroup = 4AFCD11D1A4FC2E400543CE1;
			productRefGroup = 4AFCD1271A4FC2E400543CE1 /* Products */;
			projectDirPath = "";
			projectRoot = "";
			targets = (
				4AFCD1251A4FC2E400543CE1 /* Shakd */,
				4AFCD13E1A4FC2E400543CE1 /* ShakdTests */,
			);
		};
/* End PBXProject section */

/* Begin PBXResourcesBuildPhase section */
		4AFCD1241A4FC2E400543CE1 /* Resources */ = {
			isa = PBXResourcesBuildPhase;
			buildActionMask = 2147483647;
			files = (
				4A45C24E1A5F629400080F1B /* approve-30.png in Resources */,
				4A45C2441A5F5D6400080F1B /* meeting-90.png in Resources */,
				4AA71FF71A5C5ECA000A8B8E /* ZSSWelcomeViewController.xib in Resources */,
				4A45C2601A5F757E00080F1B /* ZSSFriendRequestCell.xib in Resources */,
				4A45C2651A5F759000080F1B /* ZSSAddFriendViewController.xib in Resources */,
				4AA71FFE1A5C5EDD000A8B8E /* ZSSHomeViewController.xib in Resources */,
				4A823B631A5DF7BC00FDD58D /* group-60.png in Resources */,
				4A45C24F1A5F629400080F1B /* approve-60.png in Resources */,
				4A45C2501A5F629400080F1B /* approve-90.png in Resources */,
				4A45C2551A5F629400080F1B /* neutral_decision-60.png in Resources */,
				4AA71FE91A5C5E9B000A8B8E /* ZSSSignUpViewController.xib in Resources */,
				4A823B6B1A5E36E600FDD58D /* left-90.png in Resources */,
				4A45C2511A5F629400080F1B /* good_decision-30.png in Resources */,
				4A823B691A5E36E600FDD58D /* left-30.png in Resources */,
				4A45C2541A5F629400080F1B /* neutral_decision-30.png in Resources */,
				4A45C2531A5F629400080F1B /* good_decision-90.png in Resources */,
				4A823B621A5DF7BC00FDD58D /* group-30.png in Resources */,
				4A823B6A1A5E36E600FDD58D /* left-60.png in Resources */,
				4A823B641A5DF7BC00FDD58D /* group-90.png in Resources */,
				4A45C22B1A5F4CEE00080F1B /* ZSSFriendCell.xib in Resources */,
				4A45C2421A5F5D6400080F1B /* meeting-30.png in Resources */,
				4AA71FF01A5C5EAB000A8B8E /* ZSSLoginViewController.xib in Resources */,
				4AFCD13A1A4FC2E400543CE1 /* LaunchScreen.xib in Resources */,
				4AFCD1371A4FC2E400543CE1 /* Images.xcassets in Resources */,
				4AA71FDE1A5C520C000A8B8E /* ZSSForgotPasswordViewController.xib in Resources */,
				4A45C2431A5F5D6400080F1B /* meeting-60.png in Resources */,
				4A45C2561A5F629400080F1B /* neutral_decision-90.png in Resources */,
				4A45C2521A5F629400080F1B /* good_decision-60.png in Resources */,
			);
			runOnlyForDeploymentPostprocessing = 0;
		};
		4AFCD13D1A4FC2E400543CE1 /* Resources */ = {
			isa = PBXResourcesBuildPhase;
			buildActionMask = 2147483647;
			files = (
				4AA71FF81A5C5ECA000A8B8E /* ZSSWelcomeViewController.xib in Resources */,
				4AA71FEA1A5C5E9B000A8B8E /* ZSSSignUpViewController.xib in Resources */,
				4AA71FFF1A5C5EDD000A8B8E /* ZSSHomeViewController.xib in Resources */,
				4AA71FF11A5C5EAB000A8B8E /* ZSSLoginViewController.xib in Resources */,
			);
			runOnlyForDeploymentPostprocessing = 0;
		};
/* End PBXResourcesBuildPhase section */

/* Begin PBXShellScriptBuildPhase section */
		27042A5C2AF8016866CBB0EE /* Check Pods Manifest.lock */ = {
			isa = PBXShellScriptBuildPhase;
			buildActionMask = 2147483647;
			files = (
			);
			inputPaths = (
			);
			name = "Check Pods Manifest.lock";
			outputPaths = (
			);
			runOnlyForDeploymentPostprocessing = 0;
			shellPath = /bin/sh;
			shellScript = "diff \"${PODS_ROOT}/../Podfile.lock\" \"${PODS_ROOT}/Manifest.lock\" > /dev/null\nif [[ $? != 0 ]] ; then\n    cat << EOM\nerror: The sandbox is not in sync with the Podfile.lock. Run 'pod install' or update your CocoaPods installation.\nEOM\n    exit 1\nfi\n";
			showEnvVarsInLog = 0;
		};
		7E6138559FA93995EF29C221 /* Copy Pods Resources */ = {
			isa = PBXShellScriptBuildPhase;
			buildActionMask = 2147483647;
			files = (
			);
			inputPaths = (
			);
			name = "Copy Pods Resources";
			outputPaths = (
			);
			runOnlyForDeploymentPostprocessing = 0;
			shellPath = /bin/sh;
			shellScript = "\"${SRCROOT}/Pods/Target Support Files/Pods-Shakd/Pods-Shakd-resources.sh\"\n";
			showEnvVarsInLog = 0;
		};
/* End PBXShellScriptBuildPhase section */

/* Begin PBXSourcesBuildPhase section */
		4AFCD1221A4FC2E400543CE1 /* Sources */ = {
			isa = PBXSourcesBuildPhase;
			buildActionMask = 2147483647;
			files = (
				4A7E803E1A54C3210032D202 /* ZSSLocalSyncer.m in Sources */,
				4AA720221A5C8819000A8B8E /* ActionSheetDatePicker.m in Sources */,
				4AFCD1AE1A506B1A00543CE1 /* ZSSLocalFactory.m in Sources */,
				4A4218091A50EDD3004B999B /* UIColor+ShakdColors.m in Sources */,
				4AA720251A5C8819000A8B8E /* ActionSheetStringPicker.m in Sources */,
				4AA720271A5C8819000A8B8E /* SWActionSheet.m in Sources */,
				4A45C2261A5F4CE200080F1B /* ZSSFriendRequestsTableViewController.m in Sources */,
				4AFCD1321A4FC2E400543CE1 /* ViewController.m in Sources */,
				4AA720261A5C8819000A8B8E /* DistancePickerView.m in Sources */,
				4AA720031A5C5EF7000A8B8E /* ZSSCloudQuerier.m in Sources */,
				4A45C25F1A5F757E00080F1B /* ZSSFriendRequestCell.m in Sources */,
				4A45C2681A5F75A000080F1B /* RKDropdownAlert+CommonAlerts.m in Sources */,
				4AA720241A5C8819000A8B8E /* ActionSheetLocalePicker.m in Sources */,
				4AFCD12F1A4FC2E400543CE1 /* AppDelegate.m in Sources */,
				4AFCD1A01A50695D00543CE1 /* ZSSFriendRequest.m in Sources */,
				4AA7202E1A5CA537000A8B8E /* ZSSFriendsTableViewController.m in Sources */,
				4A6380D91A59CCED00D56AA4 /* NSString+Extras.m in Sources */,
				4A45C2361A5F4D1800080F1B /* UIBarButtonItem+MyBarButtons.m in Sources */,
				4AFCD12C1A4FC2E400543CE1 /* main.m in Sources */,
				4AFCD1AB1A506B0300543CE1 /* ZSSLocalStore.m in Sources */,
				4AA71FF51A5C5ECA000A8B8E /* ZSSWelcomeViewController.m in Sources */,
				4AA71FFC1A5C5EDD000A8B8E /* ZSSHomeViewController.m in Sources */,
				4AA7200B1A5C5FD7000A8B8E /* ZSSLocalQuerier.m in Sources */,
				4AFCD1A11A50695D00543CE1 /* ZSSUser.m in Sources */,
				4AA71FDD1A5C520C000A8B8E /* ZSSForgotPasswordViewController.m in Sources */,
				4AFCD18F1A50641F00543CE1 /* ShakdModel.xcdatamodeld in Sources */,
				4A45C2641A5F759000080F1B /* ZSSAddFriendViewController.m in Sources */,
				4A45C22A1A5F4CEE00080F1B /* ZSSFriendCell.m in Sources */,
				4A4218011A50E68A004B999B /* UIView+Borders.m in Sources */,
				4AA720201A5C8819000A8B8E /* AbstractActionSheetPicker.m in Sources */,
				4AFCD1A41A506A0000543CE1 /* ZSSDictionaryTransformer.m in Sources */,
				4AFCD19F1A50695D00543CE1 /* ZSSMessage.m in Sources */,
				4AA720211A5C8819000A8B8E /* ActionSheetCustomPicker.m in Sources */,
				4AA71FEE1A5C5EAB000A8B8E /* ZSSLoginViewController.m in Sources */,
				4A6380D51A59C61F00D56AA4 /* RKDropdownAlert.m in Sources */,
				4AA720231A5C8819000A8B8E /* ActionSheetDistancePicker.m in Sources */,
				4AA71FE71A5C5E9B000A8B8E /* ZSSSignUpViewController.m in Sources */,
			);
			runOnlyForDeploymentPostprocessing = 0;
		};
		4AFCD13B1A4FC2E400543CE1 /* Sources */ = {
			isa = PBXSourcesBuildPhase;
			buildActionMask = 2147483647;
			files = (
				4AA7200C1A5C5FD7000A8B8E /* ZSSLocalQuerier.m in Sources */,
				4AA720041A5C5EF7000A8B8E /* ZSSCloudQuerier.m in Sources */,
				4A4217F81A50DCC9004B999B /* testZSSLocalQuerier.m in Sources */,
				4AA71FE81A5C5E9B000A8B8E /* ZSSSignUpViewController.m in Sources */,
				4AA71FEF1A5C5EAB000A8B8E /* ZSSLoginViewController.m in Sources */,
				4ACF3E1E1A5246D80030C07E /* testZSSCloudQuerier.m in Sources */,
				4A6380DA1A59CCED00D56AA4 /* NSString+Extras.m in Sources */,
				4A6380D61A59C61F00D56AA4 /* RKDropdownAlert.m in Sources */,
				4AFCD1B11A50B8F800543CE1 /* testZSSLocalStore.m in Sources */,
				4A4217EF1A50D83F004B999B /* testZSSLocalFactory.m in Sources */,
				4AA71FF61A5C5ECA000A8B8E /* ZSSWelcomeViewController.m in Sources */,
				4AFCD1461A4FC2E400543CE1 /* ShakdTests.m in Sources */,
				4AA71FFD1A5C5EDD000A8B8E /* ZSSHomeViewController.m in Sources */,
			);
			runOnlyForDeploymentPostprocessing = 0;
		};
/* End PBXSourcesBuildPhase section */

/* Begin PBXTargetDependency section */
		4AFCD1411A4FC2E400543CE1 /* PBXTargetDependency */ = {
			isa = PBXTargetDependency;
			target = 4AFCD1251A4FC2E400543CE1 /* Shakd */;
			targetProxy = 4AFCD1401A4FC2E400543CE1 /* PBXContainerItemProxy */;
		};
/* End PBXTargetDependency section */

/* Begin PBXVariantGroup section */
		4AFCD1381A4FC2E400543CE1 /* LaunchScreen.xib */ = {
			isa = PBXVariantGroup;
			children = (
				4AFCD1391A4FC2E400543CE1 /* Base */,
			);
			name = LaunchScreen.xib;
			sourceTree = "<group>";
		};
/* End PBXVariantGroup section */

/* Begin XCBuildConfiguration section */
		4AFCD1471A4FC2E400543CE1 /* Debug */ = {
			isa = XCBuildConfiguration;
			buildSettings = {
				ALWAYS_SEARCH_USER_PATHS = NO;
				CLANG_CXX_LANGUAGE_STANDARD = "gnu++0x";
				CLANG_CXX_LIBRARY = "libc++";
				CLANG_ENABLE_MODULES = YES;
				CLANG_ENABLE_OBJC_ARC = YES;
				CLANG_WARN_BOOL_CONVERSION = YES;
				CLANG_WARN_CONSTANT_CONVERSION = YES;
				CLANG_WARN_DIRECT_OBJC_ISA_USAGE = YES_ERROR;
				CLANG_WARN_EMPTY_BODY = YES;
				CLANG_WARN_ENUM_CONVERSION = YES;
				CLANG_WARN_INT_CONVERSION = YES;
				CLANG_WARN_OBJC_ROOT_CLASS = YES_ERROR;
				CLANG_WARN_UNREACHABLE_CODE = YES;
				CLANG_WARN__DUPLICATE_METHOD_MATCH = YES;
				"CODE_SIGN_IDENTITY[sdk=iphoneos*]" = "iPhone Developer";
				COPY_PHASE_STRIP = NO;
				ENABLE_STRICT_OBJC_MSGSEND = YES;
				GCC_C_LANGUAGE_STANDARD = gnu99;
				GCC_DYNAMIC_NO_PIC = NO;
				GCC_OPTIMIZATION_LEVEL = 0;
				GCC_PREPROCESSOR_DEFINITIONS = (
					"DEBUG=1",
					"$(inherited)",
				);
				GCC_SYMBOLS_PRIVATE_EXTERN = NO;
				GCC_WARN_64_TO_32_BIT_CONVERSION = YES;
				GCC_WARN_ABOUT_RETURN_TYPE = YES_ERROR;
				GCC_WARN_UNDECLARED_SELECTOR = YES;
				GCC_WARN_UNINITIALIZED_AUTOS = YES_AGGRESSIVE;
				GCC_WARN_UNUSED_FUNCTION = YES;
				GCC_WARN_UNUSED_VARIABLE = YES;
				IPHONEOS_DEPLOYMENT_TARGET = 8.1;
				MTL_ENABLE_DEBUG_INFO = YES;
				ONLY_ACTIVE_ARCH = YES;
				SDKROOT = iphoneos;
			};
			name = Debug;
		};
		4AFCD1481A4FC2E400543CE1 /* Release */ = {
			isa = XCBuildConfiguration;
			buildSettings = {
				ALWAYS_SEARCH_USER_PATHS = NO;
				CLANG_CXX_LANGUAGE_STANDARD = "gnu++0x";
				CLANG_CXX_LIBRARY = "libc++";
				CLANG_ENABLE_MODULES = YES;
				CLANG_ENABLE_OBJC_ARC = YES;
				CLANG_WARN_BOOL_CONVERSION = YES;
				CLANG_WARN_CONSTANT_CONVERSION = YES;
				CLANG_WARN_DIRECT_OBJC_ISA_USAGE = YES_ERROR;
				CLANG_WARN_EMPTY_BODY = YES;
				CLANG_WARN_ENUM_CONVERSION = YES;
				CLANG_WARN_INT_CONVERSION = YES;
				CLANG_WARN_OBJC_ROOT_CLASS = YES_ERROR;
				CLANG_WARN_UNREACHABLE_CODE = YES;
				CLANG_WARN__DUPLICATE_METHOD_MATCH = YES;
				"CODE_SIGN_IDENTITY[sdk=iphoneos*]" = "iPhone Developer";
				COPY_PHASE_STRIP = YES;
				ENABLE_NS_ASSERTIONS = NO;
				ENABLE_STRICT_OBJC_MSGSEND = YES;
				GCC_C_LANGUAGE_STANDARD = gnu99;
				GCC_WARN_64_TO_32_BIT_CONVERSION = YES;
				GCC_WARN_ABOUT_RETURN_TYPE = YES_ERROR;
				GCC_WARN_UNDECLARED_SELECTOR = YES;
				GCC_WARN_UNINITIALIZED_AUTOS = YES_AGGRESSIVE;
				GCC_WARN_UNUSED_FUNCTION = YES;
				GCC_WARN_UNUSED_VARIABLE = YES;
				IPHONEOS_DEPLOYMENT_TARGET = 8.1;
				MTL_ENABLE_DEBUG_INFO = NO;
				SDKROOT = iphoneos;
				VALIDATE_PRODUCT = YES;
			};
			name = Release;
		};
		4AFCD14A1A4FC2E400543CE1 /* Debug */ = {
			isa = XCBuildConfiguration;
			baseConfigurationReference = B03047185DDCEB4CF7CBCC00 /* Pods-Shakd.debug.xcconfig */;
			buildSettings = {
				ASSETCATALOG_COMPILER_APPICON_NAME = AppIcon;
				FRAMEWORK_SEARCH_PATHS = (
					"$(inherited)",
					"$(PROJECT_DIR)",
				);
				INFOPLIST_FILE = Shakd/Info.plist;
				LD_RUNPATH_SEARCH_PATHS = "$(inherited) @executable_path/Frameworks";
				PRODUCT_NAME = "$(TARGET_NAME)";
			};
			name = Debug;
		};
		4AFCD14B1A4FC2E400543CE1 /* Release */ = {
			isa = XCBuildConfiguration;
			baseConfigurationReference = C01919734C78DF7080AD608F /* Pods-Shakd.release.xcconfig */;
			buildSettings = {
				ASSETCATALOG_COMPILER_APPICON_NAME = AppIcon;
				FRAMEWORK_SEARCH_PATHS = (
					"$(inherited)",
					"$(PROJECT_DIR)",
				);
				INFOPLIST_FILE = Shakd/Info.plist;
				LD_RUNPATH_SEARCH_PATHS = "$(inherited) @executable_path/Frameworks";
				PRODUCT_NAME = "$(TARGET_NAME)";
			};
			name = Release;
		};
		4AFCD14D1A4FC2E400543CE1 /* Debug */ = {
			isa = XCBuildConfiguration;
			buildSettings = {
				BUNDLE_LOADER = "$(TEST_HOST)";
				FRAMEWORK_SEARCH_PATHS = (
					"$(SDKROOT)/Developer/Library/Frameworks",
					"$(inherited)",
					"$(PROJECT_DIR)",
				);
				GCC_PREPROCESSOR_DEFINITIONS = (
					"DEBUG=1",
					"$(inherited)",
				);
				INFOPLIST_FILE = ShakdTests/Info.plist;
				LD_RUNPATH_SEARCH_PATHS = "$(inherited) @executable_path/Frameworks @loader_path/Frameworks";
				PRODUCT_NAME = "$(TARGET_NAME)";
				TEST_HOST = "$(BUILT_PRODUCTS_DIR)/Shakd.app/Shakd";
			};
			name = Debug;
		};
		4AFCD14E1A4FC2E400543CE1 /* Release */ = {
			isa = XCBuildConfiguration;
			buildSettings = {
				BUNDLE_LOADER = "$(TEST_HOST)";
				FRAMEWORK_SEARCH_PATHS = (
					"$(SDKROOT)/Developer/Library/Frameworks",
					"$(inherited)",
					"$(PROJECT_DIR)",
				);
				INFOPLIST_FILE = ShakdTests/Info.plist;
				LD_RUNPATH_SEARCH_PATHS = "$(inherited) @executable_path/Frameworks @loader_path/Frameworks";
				PRODUCT_NAME = "$(TARGET_NAME)";
				TEST_HOST = "$(BUILT_PRODUCTS_DIR)/Shakd.app/Shakd";
			};
			name = Release;
		};
/* End XCBuildConfiguration section */

/* Begin XCConfigurationList section */
		4AFCD1211A4FC2E400543CE1 /* Build configuration list for PBXProject "Shakd" */ = {
			isa = XCConfigurationList;
			buildConfigurations = (
				4AFCD1471A4FC2E400543CE1 /* Debug */,
				4AFCD1481A4FC2E400543CE1 /* Release */,
			);
			defaultConfigurationIsVisible = 0;
			defaultConfigurationName = Release;
		};
		4AFCD1491A4FC2E400543CE1 /* Build configuration list for PBXNativeTarget "Shakd" */ = {
			isa = XCConfigurationList;
			buildConfigurations = (
				4AFCD14A1A4FC2E400543CE1 /* Debug */,
				4AFCD14B1A4FC2E400543CE1 /* Release */,
			);
			defaultConfigurationIsVisible = 0;
			defaultConfigurationName = Release;
		};
		4AFCD14C1A4FC2E400543CE1 /* Build configuration list for PBXNativeTarget "ShakdTests" */ = {
			isa = XCConfigurationList;
			buildConfigurations = (
				4AFCD14D1A4FC2E400543CE1 /* Debug */,
				4AFCD14E1A4FC2E400543CE1 /* Release */,
			);
			defaultConfigurationIsVisible = 0;
			defaultConfigurationName = Release;
		};
/* End XCConfigurationList section */

/* Begin XCVersionGroup section */
		4AFCD18D1A50641F00543CE1 /* ShakdModel.xcdatamodeld */ = {
			isa = XCVersionGroup;
			children = (
				4AFCD18E1A50641F00543CE1 /* ShakdModel.xcdatamodel */,
			);
			currentVersion = 4AFCD18E1A50641F00543CE1 /* ShakdModel.xcdatamodel */;
			path = ShakdModel.xcdatamodeld;
			sourceTree = "<group>";
			versionGroupType = wrapper.xcdatamodel;
		};
/* End XCVersionGroup section */
	};
	rootObject = 4AFCD11E1A4FC2E400543CE1 /* Project object */;
}
